PODS:
  - Crashlytics (3.12.0):
    - Fabric (~> 1.9.0)
  - Fabric (1.9.0)
  - Hero (1.4.0)

DEPENDENCIES:
  - Crashlytics
  - Fabric
  - Hero

SPEC REPOS:
  https://github.com/cocoapods/specs.git:
    - Crashlytics
    - Fabric
    - Hero

SPEC CHECKSUMS:
  Crashlytics: 07fb167b1694128c1c9a5a5cc319b0e9c3ca0933
  Fabric: f988e33c97f08930a413e08123064d2e5f68d655
  Hero: bac92350d7201a1a940003e0767c7b52ce7c99a1

PODFILE CHECKSUM: b119b5ddb69c8462e08397354bb612c05a9daec1

COCOAPODS: 1.5.3
