PODS:
  - Crashlytics (3.11.0):
    - Fabric (~> 1.8.0)
  - Fabric (1.8.0)

DEPENDENCIES:
  - Crashlytics
  - Fabric

SPEC REPOS:
  https://github.com/cocoapods/specs.git:
    - Crashlytics
    - Fabric

SPEC CHECKSUMS:
  Crashlytics: 1448070c1d2731ab71ea7c3faf84ac0f69657287
  Fabric: 4ac1cdfef3004ccd83ce0959b91eda8a6e37df72

PODFILE CHECKSUM: 9133ba27cd13743390d7766e1bc91771d70c27a2

COCOAPODS: 1.5.3
