// !$*UTF8*$!
{
	archiveVersion = 1;
	classes = {
	};
	objectVersion = 50;
	objects = {

/* Begin PBXBuildFile section */
		450ED4C52177ABA700195CAE /* Constants.swift in Sources */ = {isa = PBXBuildFile; fileRef = 450ED4C42177ABA700195CAE /* Constants.swift */; };
		450ED4CB2177D85300195CAE /* Localizable.strings in Resources */ = {isa = PBXBuildFile; fileRef = 450ED4CD2177D85300195CAE /* Localizable.strings */; };
		451A7520216D3E7600CA0760 /* Assets.xcassets in Resources */ = {isa = PBXBuildFile; fileRef = 451A751F216D3E7600CA0760 /* Assets.xcassets */; };
		453953F621766D0F00CF71EC /* DailyQuestionPresenter.swift in Sources */ = {isa = PBXBuildFile; fileRef = 453953F021766D0F00CF71EC /* DailyQuestionPresenter.swift */; };
		453953F721766D0F00CF71EC /* DailyQuestionRouter.swift in Sources */ = {isa = PBXBuildFile; fileRef = 453953F121766D0F00CF71EC /* DailyQuestionRouter.swift */; };
		453953F821766D0F00CF71EC /* DailyQuestionProtocols.swift in Sources */ = {isa = PBXBuildFile; fileRef = 453953F221766D0F00CF71EC /* DailyQuestionProtocols.swift */; };
		453953F921766D0F00CF71EC /* DailyQuestionInteractor.swift in Sources */ = {isa = PBXBuildFile; fileRef = 453953F321766D0F00CF71EC /* DailyQuestionInteractor.swift */; };
		453953FA21766D0F00CF71EC /* DailyQuestionView.swift in Sources */ = {isa = PBXBuildFile; fileRef = 453953F421766D0F00CF71EC /* DailyQuestionView.swift */; };
		4539540921766DBF00CF71EC /* DailyQuestionCollectionViewCell.swift in Sources */ = {isa = PBXBuildFile; fileRef = 4539540021766DBF00CF71EC /* DailyQuestionCollectionViewCell.swift */; };
		4539540D21766DBF00CF71EC /* DailyQuestion.storyboard in Resources */ = {isa = PBXBuildFile; fileRef = 4539540421766DBF00CF71EC /* DailyQuestion.storyboard */; };
		4539541421766E6A00CF71EC /* CenterAndZoomFlowLayout.swift in Sources */ = {isa = PBXBuildFile; fileRef = 4539541221766E6A00CF71EC /* CenterAndZoomFlowLayout.swift */; };
		4539541521766E6A00CF71EC /* BaseRoundedCardCollectionViewCell.swift in Sources */ = {isa = PBXBuildFile; fileRef = 4539541321766E6A00CF71EC /* BaseRoundedCardCollectionViewCell.swift */; };
		458F8FEE2190A1E6009F31A8 /* AnswerQuestion.storyboard in Resources */ = {isa = PBXBuildFile; fileRef = 458F8FE82190A1E6009F31A8 /* AnswerQuestion.storyboard */; };
		458F8FEF2190A1E6009F31A8 /* AnswerQuestionPresenter.swift in Sources */ = {isa = PBXBuildFile; fileRef = 458F8FE92190A1E6009F31A8 /* AnswerQuestionPresenter.swift */; };
		458F8FF02190A1E6009F31A8 /* AnswerQuestionRouter.swift in Sources */ = {isa = PBXBuildFile; fileRef = 458F8FEA2190A1E6009F31A8 /* AnswerQuestionRouter.swift */; };
		458F8FF12190A1E6009F31A8 /* AnswerQuestionProtocols.swift in Sources */ = {isa = PBXBuildFile; fileRef = 458F8FEB2190A1E6009F31A8 /* AnswerQuestionProtocols.swift */; };
		458F8FF22190A1E6009F31A8 /* AnswerQuestionInteractor.swift in Sources */ = {isa = PBXBuildFile; fileRef = 458F8FEC2190A1E6009F31A8 /* AnswerQuestionInteractor.swift */; };
		458F8FF32190A1E6009F31A8 /* AnswerQuestionView.swift in Sources */ = {isa = PBXBuildFile; fileRef = 458F8FED2190A1E6009F31A8 /* AnswerQuestionView.swift */; };
		491511EF216FBFF6007C0E09 /* UIView+Extension.swift in Sources */ = {isa = PBXBuildFile; fileRef = 491511EE216FBFF6007C0E09 /* UIView+Extension.swift */; };
		491511F1216FC045007C0E09 /* RoundedUIButton.swift in Sources */ = {isa = PBXBuildFile; fileRef = 491511F0216FC045007C0E09 /* RoundedUIButton.swift */; };
		4918AE4D586309C414224CF9 /* Pods_FinalChallengeTests.framework in Frameworks */ = {isa = PBXBuildFile; fileRef = 7235B64486FAA02A01091F47 /* Pods_FinalChallengeTests.framework */; };
		4943FDD82165355600FE2045 /* (null) in Sources */ = {isa = PBXBuildFile; };
		4943FDDA21669EFB00FE2045 /* MonthUICollectionViewFlowLayout.swift in Sources */ = {isa = PBXBuildFile; fileRef = 4943FDD921669EFB00FE2045 /* MonthUICollectionViewFlowLayout.swift */; };
		494AABC8217E39500090D4E6 /* MonthCollectionViewController.swift in Sources */ = {isa = PBXBuildFile; fileRef = 494AABC7217E39500090D4E6 /* MonthCollectionViewController.swift */; };
		494AABCA217E39EB0090D4E6 /* MonthCollectionViewCell.swift in Sources */ = {isa = PBXBuildFile; fileRef = 494AABC9217E39EB0090D4E6 /* MonthCollectionViewCell.swift */; };
		49AE2B192163DD4F00055136 /* AppDelegate.swift in Sources */ = {isa = PBXBuildFile; fileRef = 49AE2B182163DD4F00055136 /* AppDelegate.swift */; };
		49AE2B1E2163DD4F00055136 /* OnlyCalendar.storyboard in Resources */ = {isa = PBXBuildFile; fileRef = 49AE2B1C2163DD4F00055136 /* OnlyCalendar.storyboard */; };
		49AE2B232163DD5200055136 /* LaunchScreen.storyboard in Resources */ = {isa = PBXBuildFile; fileRef = 49AE2B212163DD5200055136 /* LaunchScreen.storyboard */; };
		49AE2B2D2163DF1900055136 /* CalendarViewController.swift in Sources */ = {isa = PBXBuildFile; fileRef = 49AE2B2C2163DF1900055136 /* CalendarViewController.swift */; };
		BD290BF8216BE6EF001F16EA /* CheckboxAnswer+CoreDataClass.swift in Sources */ = {isa = PBXBuildFile; fileRef = BD290BE0216BE6EF001F16EA /* CheckboxAnswer+CoreDataClass.swift */; };
		BD290BFA216BE6EF001F16EA /* CheckboxAnswer+CoreDataProperties.swift in Sources */ = {isa = PBXBuildFile; fileRef = BD290BE1216BE6EF001F16EA /* CheckboxAnswer+CoreDataProperties.swift */; };
		BD290BFC216BE6EF001F16EA /* MoodInput+CoreDataClass.swift in Sources */ = {isa = PBXBuildFile; fileRef = BD290BE2216BE6EF001F16EA /* MoodInput+CoreDataClass.swift */; };
		BD290BFE216BE6EF001F16EA /* MoodInput+CoreDataProperties.swift in Sources */ = {isa = PBXBuildFile; fileRef = BD290BE3216BE6EF001F16EA /* MoodInput+CoreDataProperties.swift */; };
		BD290C00216BE6EF001F16EA /* Author+CoreDataClass.swift in Sources */ = {isa = PBXBuildFile; fileRef = BD290BE4216BE6EF001F16EA /* Author+CoreDataClass.swift */; };
		BD290C02216BE6EF001F16EA /* Author+CoreDataProperties.swift in Sources */ = {isa = PBXBuildFile; fileRef = BD290BE5216BE6EF001F16EA /* Author+CoreDataProperties.swift */; };
		BD290C04216BE6EF001F16EA /* RadioboxAnswer+CoreDataClass.swift in Sources */ = {isa = PBXBuildFile; fileRef = BD290BE6216BE6EF001F16EA /* RadioboxAnswer+CoreDataClass.swift */; };
		BD290C06216BE6EF001F16EA /* RadioboxAnswer+CoreDataProperties.swift in Sources */ = {isa = PBXBuildFile; fileRef = BD290BE7216BE6EF001F16EA /* RadioboxAnswer+CoreDataProperties.swift */; };
		BD290C08216BE6EF001F16EA /* CheckboxQuestion+CoreDataClass.swift in Sources */ = {isa = PBXBuildFile; fileRef = BD290BE8216BE6EF001F16EA /* CheckboxQuestion+CoreDataClass.swift */; };
		BD290C0A216BE6EF001F16EA /* CheckboxQuestion+CoreDataProperties.swift in Sources */ = {isa = PBXBuildFile; fileRef = BD290BE9216BE6EF001F16EA /* CheckboxQuestion+CoreDataProperties.swift */; };
		BD290C0C216BE6EF001F16EA /* Answer+CoreDataClass.swift in Sources */ = {isa = PBXBuildFile; fileRef = BD290BEA216BE6EF001F16EA /* Answer+CoreDataClass.swift */; };
		BD290C0E216BE6EF001F16EA /* Answer+CoreDataProperties.swift in Sources */ = {isa = PBXBuildFile; fileRef = BD290BEB216BE6EF001F16EA /* Answer+CoreDataProperties.swift */; };
		BD290C10216BE6EF001F16EA /* RadioboxQuestion+CoreDataClass.swift in Sources */ = {isa = PBXBuildFile; fileRef = BD290BEC216BE6EF001F16EA /* RadioboxQuestion+CoreDataClass.swift */; };
		BD290C12216BE6EF001F16EA /* RadioboxQuestion+CoreDataProperties.swift in Sources */ = {isa = PBXBuildFile; fileRef = BD290BED216BE6EF001F16EA /* RadioboxQuestion+CoreDataProperties.swift */; };
		BD290C14216BE6EF001F16EA /* DissertationQuestion+CoreDataClass.swift in Sources */ = {isa = PBXBuildFile; fileRef = BD290BEE216BE6EF001F16EA /* DissertationQuestion+CoreDataClass.swift */; };
		BD290C16216BE6EF001F16EA /* DissertationQuestion+CoreDataProperties.swift in Sources */ = {isa = PBXBuildFile; fileRef = BD290BEF216BE6EF001F16EA /* DissertationQuestion+CoreDataProperties.swift */; };
		BD290C18216BE6EF001F16EA /* MoodType+CoreDataClass.swift in Sources */ = {isa = PBXBuildFile; fileRef = BD290BF0216BE6EF001F16EA /* MoodType+CoreDataClass.swift */; };
		BD290C1A216BE6EF001F16EA /* MoodType+CoreDataProperties.swift in Sources */ = {isa = PBXBuildFile; fileRef = BD290BF1216BE6EF001F16EA /* MoodType+CoreDataProperties.swift */; };
		BD290C1C216BE6EF001F16EA /* DissertationAnswer+CoreDataClass.swift in Sources */ = {isa = PBXBuildFile; fileRef = BD290BF2216BE6EF001F16EA /* DissertationAnswer+CoreDataClass.swift */; };
		BD290C1E216BE6EF001F16EA /* DissertationAnswer+CoreDataProperties.swift in Sources */ = {isa = PBXBuildFile; fileRef = BD290BF3216BE6EF001F16EA /* DissertationAnswer+CoreDataProperties.swift */; };
		BD290C20216BE6EF001F16EA /* Category+CoreDataClass.swift in Sources */ = {isa = PBXBuildFile; fileRef = BD290BF4216BE6EF001F16EA /* Category+CoreDataClass.swift */; };
		BD290C22216BE6EF001F16EA /* Category+CoreDataProperties.swift in Sources */ = {isa = PBXBuildFile; fileRef = BD290BF5216BE6EF001F16EA /* Category+CoreDataProperties.swift */; };
		BD290C24216BE6EF001F16EA /* Question+CoreDataClass.swift in Sources */ = {isa = PBXBuildFile; fileRef = BD290BF6216BE6EF001F16EA /* Question+CoreDataClass.swift */; };
		BD290C26216BE6EF001F16EA /* Question+CoreDataProperties.swift in Sources */ = {isa = PBXBuildFile; fileRef = BD290BF7216BE6EF001F16EA /* Question+CoreDataProperties.swift */; };
		BD290C2A216BEFFD001F16EA /* CheckboxQuestionDAOTests.swift in Sources */ = {isa = PBXBuildFile; fileRef = BD290C29216BEFFD001F16EA /* CheckboxQuestionDAOTests.swift */; };
		BD290C2C216BF569001F16EA /* QuestionsDAOTests.swift in Sources */ = {isa = PBXBuildFile; fileRef = BD290C2B216BF569001F16EA /* QuestionsDAOTests.swift */; };
		BD290C2E216D15E0001F16EA /* RadioboxQuestionDAO.swift in Sources */ = {isa = PBXBuildFile; fileRef = BD290C2D216D15E0001F16EA /* RadioboxQuestionDAO.swift */; };
		BD290C31216D17F6001F16EA /* RadioboxQuestionDAOTests.swift in Sources */ = {isa = PBXBuildFile; fileRef = BD290C30216D17F6001F16EA /* RadioboxQuestionDAOTests.swift */; };
		BD290C35216D1A90001F16EA /* AuthorDAOTests.swift in Sources */ = {isa = PBXBuildFile; fileRef = BD290C34216D1A90001F16EA /* AuthorDAOTests.swift */; };
		BD290C37216D1B60001F16EA /* AuthorDAO.swift in Sources */ = {isa = PBXBuildFile; fileRef = BD290C36216D1B60001F16EA /* AuthorDAO.swift */; };
		BD290C42216D2FDD001F16EA /* AnswerDAO.swift in Sources */ = {isa = PBXBuildFile; fileRef = BD290C41216D2FDD001F16EA /* AnswerDAO.swift */; };
		BD290C44216D3085001F16EA /* DissertationAnswersDAO.swift in Sources */ = {isa = PBXBuildFile; fileRef = BD290C43216D3085001F16EA /* DissertationAnswersDAO.swift */; };
		BD290C46216D32E3001F16EA /* CheckboxAnswer.swift in Sources */ = {isa = PBXBuildFile; fileRef = BD290C45216D32E3001F16EA /* CheckboxAnswer.swift */; };
		BD290C48216D33C6001F16EA /* RadioboxAnswerDAO.swift in Sources */ = {isa = PBXBuildFile; fileRef = BD290C47216D33C6001F16EA /* RadioboxAnswerDAO.swift */; };
		BD290C4A216D352D001F16EA /* MoodDAO.swift in Sources */ = {isa = PBXBuildFile; fileRef = BD290C49216D352D001F16EA /* MoodDAO.swift */; };
		BD290C50216E9613001F16EA /* DailySummary.storyboard in Resources */ = {isa = PBXBuildFile; fileRef = BD290C4F216E9613001F16EA /* DailySummary.storyboard */; };
		BD290C52216E9764001F16EA /* DaySummaryTableViewController.swift in Sources */ = {isa = PBXBuildFile; fileRef = BD290C51216E9764001F16EA /* DaySummaryTableViewController.swift */; };
		BD290C54216E9DA4001F16EA /* DailySummaryViewController.swift in Sources */ = {isa = PBXBuildFile; fileRef = BD290C53216E9DA4001F16EA /* DailySummaryViewController.swift */; };
		BD290C6421752919001F16EA /* AnswerTableViewCell.swift in Sources */ = {isa = PBXBuildFile; fileRef = BD290C6321752918001F16EA /* AnswerTableViewCell.swift */; };
		BD290C6721752978001F16EA /* MoodInputTableViewCell.swift in Sources */ = {isa = PBXBuildFile; fileRef = BD290C6621752978001F16EA /* MoodInputTableViewCell.swift */; };
		BD3635E4218A19FF00E4A6EA /* QuestionsHistoric.storyboard in Resources */ = {isa = PBXBuildFile; fileRef = BD3635DE218A19FF00E4A6EA /* QuestionsHistoric.storyboard */; };
		BD3635E5218A19FF00E4A6EA /* QuestionsHistoricPresenter.swift in Sources */ = {isa = PBXBuildFile; fileRef = BD3635DF218A19FF00E4A6EA /* QuestionsHistoricPresenter.swift */; };
		BD3635E6218A19FF00E4A6EA /* QuestionsHistoricRouter.swift in Sources */ = {isa = PBXBuildFile; fileRef = BD3635E0218A19FF00E4A6EA /* QuestionsHistoricRouter.swift */; };
		BD3635E7218A19FF00E4A6EA /* QuestionsHistoricProtocols.swift in Sources */ = {isa = PBXBuildFile; fileRef = BD3635E1218A19FF00E4A6EA /* QuestionsHistoricProtocols.swift */; };
		BD3635E8218A19FF00E4A6EA /* QuestionsHistoricInteractor.swift in Sources */ = {isa = PBXBuildFile; fileRef = BD3635E2218A19FF00E4A6EA /* QuestionsHistoricInteractor.swift */; };
		BD3635E9218A19FF00E4A6EA /* QuestionsHistoricView.swift in Sources */ = {isa = PBXBuildFile; fileRef = BD3635E3218A19FF00E4A6EA /* QuestionsHistoricView.swift */; };
		BD3635F1218A1DC000E4A6EA /* QuestionsHistoricHeader.xib in Resources */ = {isa = PBXBuildFile; fileRef = BD3635F0218A1DC000E4A6EA /* QuestionsHistoricHeader.xib */; };
		BD3635F3218A1E3400E4A6EA /* QuestionsHistoricHeaderView.swift in Sources */ = {isa = PBXBuildFile; fileRef = BD3635F2218A1E3400E4A6EA /* QuestionsHistoricHeaderView.swift */; };
		BD3635F6218A204700E4A6EA /* QuestionsHistoricCell.swift in Sources */ = {isa = PBXBuildFile; fileRef = BD3635F5218A204700E4A6EA /* QuestionsHistoricCell.swift */; };
		BD3635F8218A387B00E4A6EA /* QuestionsCategoryViewObject.swift in Sources */ = {isa = PBXBuildFile; fileRef = BD3635F7218A387B00E4A6EA /* QuestionsCategoryViewObject.swift */; };
		BD3E3C2621824B8A00539ADB /* QuestionsManager.swift in Sources */ = {isa = PBXBuildFile; fileRef = 49AB023821752D79002B8140 /* QuestionsManager.swift */; };
		BD3E3C2721824B8A00539ADB /* CoreDataManager.swift in Sources */ = {isa = PBXBuildFile; fileRef = BD974A262163FD4600612838 /* CoreDataManager.swift */; };
		BD3E3C5A2183AE0900539ADB /* BreathingPresenter.swift in Sources */ = {isa = PBXBuildFile; fileRef = BD3E3C542183AE0900539ADB /* BreathingPresenter.swift */; };
		BD3E3C5B2183AE0900539ADB /* BreathingRouter.swift in Sources */ = {isa = PBXBuildFile; fileRef = BD3E3C552183AE0900539ADB /* BreathingRouter.swift */; };
		BD3E3C5C2183AE0900539ADB /* BreathingProtocols.swift in Sources */ = {isa = PBXBuildFile; fileRef = BD3E3C562183AE0900539ADB /* BreathingProtocols.swift */; };
		BD3E3C752187804100539ADB /* Main.storyboard in Resources */ = {isa = PBXBuildFile; fileRef = BD3E3C6F2187804000539ADB /* Main.storyboard */; };
		BD3E3C762187804100539ADB /* MainPresenter.swift in Sources */ = {isa = PBXBuildFile; fileRef = BD3E3C702187804000539ADB /* MainPresenter.swift */; };
		BD3E3C772187804100539ADB /* MainRouter.swift in Sources */ = {isa = PBXBuildFile; fileRef = BD3E3C712187804000539ADB /* MainRouter.swift */; };
		BD3E3C782187804100539ADB /* MainProtocols.swift in Sources */ = {isa = PBXBuildFile; fileRef = BD3E3C722187804000539ADB /* MainProtocols.swift */; };
		BD3E3C7F2187812900539ADB /* MainView.swift in Sources */ = {isa = PBXBuildFile; fileRef = BD3E3C7E2187812900539ADB /* MainView.swift */; };
		BD4E0E7B2179159700DEA2F5 /* Breathing.storyboard in Resources */ = {isa = PBXBuildFile; fileRef = BD4E0E7A2179159700DEA2F5 /* Breathing.storyboard */; };
		BD4E0E7D2179192100DEA2F5 /* giphy.gif in Resources */ = {isa = PBXBuildFile; fileRef = BD4E0E7C2179192100DEA2F5 /* giphy.gif */; };
		BD4E0E802179197A00DEA2F5 /* FunnyGif.swift in Sources */ = {isa = PBXBuildFile; fileRef = BD4E0E7F2179197A00DEA2F5 /* FunnyGif.swift */; };
		BD4E0E8321791A1500DEA2F5 /* BreathingViewController.swift in Sources */ = {isa = PBXBuildFile; fileRef = BD4E0E8221791A1500DEA2F5 /* BreathingViewController.swift */; };
		BD9749F42163E4E200612838 /* FinalChallengeDatabase.xcdatamodeld in Sources */ = {isa = PBXBuildFile; fileRef = BD9749F22163E4E200612838 /* FinalChallengeDatabase.xcdatamodeld */; };
		BD974A3721654E3800612838 /* DataAccessError.swift in Sources */ = {isa = PBXBuildFile; fileRef = BD974A3621654E3800612838 /* DataAccessError.swift */; };
		BD974A39216681F200612838 /* QuestionDAO.swift in Sources */ = {isa = PBXBuildFile; fileRef = BD974A38216681F100612838 /* QuestionDAO.swift */; };
		BD974A3F2167CDF900612838 /* DissertativeQuestionDAO.swift in Sources */ = {isa = PBXBuildFile; fileRef = BD974A3E2167CDF900612838 /* DissertativeQuestionDAO.swift */; };
		BD974A452167DE4F00612838 /* CheckboxQuestionDAO.swift in Sources */ = {isa = PBXBuildFile; fileRef = BD974A442167DE4F00612838 /* CheckboxQuestionDAO.swift */; };
		BD974A552167F03B00612838 /* DissertativeQuestionDAOTests.swift in Sources */ = {isa = PBXBuildFile; fileRef = BD974A542167F03B00612838 /* DissertativeQuestionDAOTests.swift */; };
		BD974A752167F4F700612838 /* CategoryDAO.swift in Sources */ = {isa = PBXBuildFile; fileRef = BD974A742167F4F700612838 /* CategoryDAO.swift */; };
		BD974A792167F86900612838 /* CategoryDAOTests.swift in Sources */ = {isa = PBXBuildFile; fileRef = BD974A782167F86900612838 /* CategoryDAOTests.swift */; };
		BD974A7A2167F89400612838 /* CategoryDAO.swift in Sources */ = {isa = PBXBuildFile; fileRef = BD974A742167F4F700612838 /* CategoryDAO.swift */; };
		BDA84B90217657D500F75D05 /* InsertTableViewCell.swift in Sources */ = {isa = PBXBuildFile; fileRef = BDA84B8F217657D500F75D05 /* InsertTableViewCell.swift */; };
		BDAF3AC1218B82D900EFD2A9 /* QuestionAnswers.storyboard in Resources */ = {isa = PBXBuildFile; fileRef = BDAF3ABB218B82D900EFD2A9 /* QuestionAnswers.storyboard */; };
		BDAF3AC2218B82D900EFD2A9 /* QuestionAnswersPresenter.swift in Sources */ = {isa = PBXBuildFile; fileRef = BDAF3ABC218B82D900EFD2A9 /* QuestionAnswersPresenter.swift */; };
		BDAF3AC3218B82D900EFD2A9 /* QuestionAnswersRouter.swift in Sources */ = {isa = PBXBuildFile; fileRef = BDAF3ABD218B82D900EFD2A9 /* QuestionAnswersRouter.swift */; };
		BDAF3AC4218B82D900EFD2A9 /* QuestionAnswersProtocols.swift in Sources */ = {isa = PBXBuildFile; fileRef = BDAF3ABE218B82D900EFD2A9 /* QuestionAnswersProtocols.swift */; };
		BDAF3AC5218B82D900EFD2A9 /* QuestionAnswersInteractor.swift in Sources */ = {isa = PBXBuildFile; fileRef = BDAF3ABF218B82D900EFD2A9 /* QuestionAnswersInteractor.swift */; };
		BDAF3AC6218B82D900EFD2A9 /* QuestionAnswersView.swift in Sources */ = {isa = PBXBuildFile; fileRef = BDAF3AC0218B82D900EFD2A9 /* QuestionAnswersView.swift */; };
		BDAF3ACC218B87C000EFD2A9 /* QuestionTextCell.swift in Sources */ = {isa = PBXBuildFile; fileRef = BDAF3ACB218B87C000EFD2A9 /* QuestionTextCell.swift */; };
		BDAF3ACE218B998800EFD2A9 /* AnswerCell.swift in Sources */ = {isa = PBXBuildFile; fileRef = BDAF3ACD218B998800EFD2A9 /* AnswerCell.swift */; };
		BDD81C402193416F00880601 /* Profile.storyboard in Resources */ = {isa = PBXBuildFile; fileRef = BDD81C3A2193416F00880601 /* Profile.storyboard */; };
		BDD81C412193416F00880601 /* ProfilePresenter.swift in Sources */ = {isa = PBXBuildFile; fileRef = BDD81C3B2193416F00880601 /* ProfilePresenter.swift */; };
		BDD81C422193416F00880601 /* ProfileRouter.swift in Sources */ = {isa = PBXBuildFile; fileRef = BDD81C3C2193416F00880601 /* ProfileRouter.swift */; };
		BDD81C432193416F00880601 /* ProfileProtocols.swift in Sources */ = {isa = PBXBuildFile; fileRef = BDD81C3D2193416F00880601 /* ProfileProtocols.swift */; };
		BDD81C442193416F00880601 /* ProfileInteractor.swift in Sources */ = {isa = PBXBuildFile; fileRef = BDD81C3E2193416F00880601 /* ProfileInteractor.swift */; };
		BDD81C452193416F00880601 /* ProfileView.swift in Sources */ = {isa = PBXBuildFile; fileRef = BDD81C3F2193416F00880601 /* ProfileView.swift */; };
		BDE4682F2180F6DD002BDE93 /* DaySummary.storyboard in Resources */ = {isa = PBXBuildFile; fileRef = BDE4682E2180F6DD002BDE93 /* DaySummary.storyboard */; };
		BDE468332180F777002BDE93 /* DaySummaryProtocols.swift in Sources */ = {isa = PBXBuildFile; fileRef = BDE468322180F777002BDE93 /* DaySummaryProtocols.swift */; };
		BDE468362180F8CF002BDE93 /* DaySummaryPresenter.swift in Sources */ = {isa = PBXBuildFile; fileRef = BDE468352180F8CF002BDE93 /* DaySummaryPresenter.swift */; };
		BDE4683A2180F91E002BDE93 /* DaySummaryInteractor.swift in Sources */ = {isa = PBXBuildFile; fileRef = BDE468392180F91E002BDE93 /* DaySummaryInteractor.swift */; };
		BDE4683E2180F94B002BDE93 /* DaySummaryRouter.swift in Sources */ = {isa = PBXBuildFile; fileRef = BDE4683D2180F94B002BDE93 /* DaySummaryRouter.swift */; };
		E9774ADDB7B6E55F99338776 /* Pods_FinalChallenge.framework in Frameworks */ = {isa = PBXBuildFile; fileRef = C58FAB0F5CF029BA433B64C5 /* Pods_FinalChallenge.framework */; };
/* End PBXBuildFile section */

/* Begin PBXContainerItemProxy section */
		BD974A4F2167F01800612838 /* PBXContainerItemProxy */ = {
			isa = PBXContainerItemProxy;
			containerPortal = 49AE2B0D2163DD4F00055136 /* Project object */;
			proxyType = 1;
			remoteGlobalIDString = 49AE2B142163DD4F00055136;
			remoteInfo = FinalChallenge;
		};
/* End PBXContainerItemProxy section */

/* Begin PBXFileReference section */
		1CE024013127B10F73C6BDFA /* Pods-FinalChallengeTests.release.xcconfig */ = {isa = PBXFileReference; includeInIndex = 1; lastKnownFileType = text.xcconfig; name = "Pods-FinalChallengeTests.release.xcconfig"; path = "Pods/Target Support Files/Pods-FinalChallengeTests/Pods-FinalChallengeTests.release.xcconfig"; sourceTree = "<group>"; };
		450ED4C42177ABA700195CAE /* Constants.swift */ = {isa = PBXFileReference; lastKnownFileType = sourcecode.swift; path = Constants.swift; sourceTree = "<group>"; };
		450ED4C62177D7D700195CAE /* pt-BR */ = {isa = PBXFileReference; lastKnownFileType = text.plist.strings; name = "pt-BR"; path = "pt-BR.lproj/LaunchScreen.strings"; sourceTree = "<group>"; };
		450ED4C72177D7D700195CAE /* pt-BR */ = {isa = PBXFileReference; lastKnownFileType = text.plist.strings; name = "pt-BR"; path = "pt-BR.lproj/OnlyCalendar.strings"; sourceTree = "<group>"; };
		450ED4CC2177D85300195CAE /* en */ = {isa = PBXFileReference; lastKnownFileType = text.plist.strings; name = en; path = en.lproj/Localizable.strings; sourceTree = "<group>"; };
		450ED4CE2177D85400195CAE /* pt-BR */ = {isa = PBXFileReference; lastKnownFileType = text.plist.strings; name = "pt-BR"; path = "pt-BR.lproj/Localizable.strings"; sourceTree = "<group>"; };
		451A751F216D3E7600CA0760 /* Assets.xcassets */ = {isa = PBXFileReference; lastKnownFileType = folder.assetcatalog; path = Assets.xcassets; sourceTree = "<group>"; };
		453953F021766D0F00CF71EC /* DailyQuestionPresenter.swift */ = {isa = PBXFileReference; lastKnownFileType = sourcecode.swift; path = DailyQuestionPresenter.swift; sourceTree = "<group>"; };
		453953F121766D0F00CF71EC /* DailyQuestionRouter.swift */ = {isa = PBXFileReference; lastKnownFileType = sourcecode.swift; path = DailyQuestionRouter.swift; sourceTree = "<group>"; };
		453953F221766D0F00CF71EC /* DailyQuestionProtocols.swift */ = {isa = PBXFileReference; lastKnownFileType = sourcecode.swift; path = DailyQuestionProtocols.swift; sourceTree = "<group>"; };
		453953F321766D0F00CF71EC /* DailyQuestionInteractor.swift */ = {isa = PBXFileReference; lastKnownFileType = sourcecode.swift; path = DailyQuestionInteractor.swift; sourceTree = "<group>"; };
		453953F421766D0F00CF71EC /* DailyQuestionView.swift */ = {isa = PBXFileReference; lastKnownFileType = sourcecode.swift; path = DailyQuestionView.swift; sourceTree = "<group>"; };
		4539540021766DBF00CF71EC /* DailyQuestionCollectionViewCell.swift */ = {isa = PBXFileReference; fileEncoding = 4; lastKnownFileType = sourcecode.swift; name = DailyQuestionCollectionViewCell.swift; path = "FinalChallenge/Source/Modules/Daily Questions/View/CollectionView/DailyQuestionCollectionViewCell.swift"; sourceTree = SOURCE_ROOT; };
		4539540421766DBF00CF71EC /* DailyQuestion.storyboard */ = {isa = PBXFileReference; fileEncoding = 4; lastKnownFileType = file.storyboard; name = DailyQuestion.storyboard; path = "FinalChallenge/Source/Modules/Daily Questions/View/DailyQuestion.storyboard"; sourceTree = SOURCE_ROOT; };
		4539541221766E6A00CF71EC /* CenterAndZoomFlowLayout.swift */ = {isa = PBXFileReference; fileEncoding = 4; lastKnownFileType = sourcecode.swift; path = CenterAndZoomFlowLayout.swift; sourceTree = "<group>"; };
		4539541321766E6A00CF71EC /* BaseRoundedCardCollectionViewCell.swift */ = {isa = PBXFileReference; fileEncoding = 4; lastKnownFileType = sourcecode.swift; path = BaseRoundedCardCollectionViewCell.swift; sourceTree = "<group>"; };
		458F8FE82190A1E6009F31A8 /* AnswerQuestion.storyboard */ = {isa = PBXFileReference; lastKnownFileType = file.storyboard; path = AnswerQuestion.storyboard; sourceTree = "<group>"; };
		458F8FE92190A1E6009F31A8 /* AnswerQuestionPresenter.swift */ = {isa = PBXFileReference; lastKnownFileType = sourcecode.swift; path = AnswerQuestionPresenter.swift; sourceTree = "<group>"; };
		458F8FEA2190A1E6009F31A8 /* AnswerQuestionRouter.swift */ = {isa = PBXFileReference; lastKnownFileType = sourcecode.swift; path = AnswerQuestionRouter.swift; sourceTree = "<group>"; };
		458F8FEB2190A1E6009F31A8 /* AnswerQuestionProtocols.swift */ = {isa = PBXFileReference; lastKnownFileType = sourcecode.swift; path = AnswerQuestionProtocols.swift; sourceTree = "<group>"; };
		458F8FEC2190A1E6009F31A8 /* AnswerQuestionInteractor.swift */ = {isa = PBXFileReference; lastKnownFileType = sourcecode.swift; path = AnswerQuestionInteractor.swift; sourceTree = "<group>"; };
		458F8FED2190A1E6009F31A8 /* AnswerQuestionView.swift */ = {isa = PBXFileReference; lastKnownFileType = sourcecode.swift; path = AnswerQuestionView.swift; sourceTree = "<group>"; };
		491511EE216FBFF6007C0E09 /* UIView+Extension.swift */ = {isa = PBXFileReference; lastKnownFileType = sourcecode.swift; path = "UIView+Extension.swift"; sourceTree = "<group>"; };
		491511F0216FC045007C0E09 /* RoundedUIButton.swift */ = {isa = PBXFileReference; lastKnownFileType = sourcecode.swift; path = RoundedUIButton.swift; sourceTree = "<group>"; };
		4943FDD921669EFB00FE2045 /* MonthUICollectionViewFlowLayout.swift */ = {isa = PBXFileReference; lastKnownFileType = sourcecode.swift; path = MonthUICollectionViewFlowLayout.swift; sourceTree = "<group>"; };
		494AABC7217E39500090D4E6 /* MonthCollectionViewController.swift */ = {isa = PBXFileReference; lastKnownFileType = sourcecode.swift; path = MonthCollectionViewController.swift; sourceTree = "<group>"; };
		494AABC9217E39EB0090D4E6 /* MonthCollectionViewCell.swift */ = {isa = PBXFileReference; lastKnownFileType = sourcecode.swift; path = MonthCollectionViewCell.swift; sourceTree = "<group>"; };
		49AB023821752D79002B8140 /* QuestionsManager.swift */ = {isa = PBXFileReference; lastKnownFileType = sourcecode.swift; path = QuestionsManager.swift; sourceTree = "<group>"; };
		49AE2B152163DD4F00055136 /* FinalChallenge.app */ = {isa = PBXFileReference; explicitFileType = wrapper.application; includeInIndex = 0; path = FinalChallenge.app; sourceTree = BUILT_PRODUCTS_DIR; };
		49AE2B182163DD4F00055136 /* AppDelegate.swift */ = {isa = PBXFileReference; lastKnownFileType = sourcecode.swift; path = AppDelegate.swift; sourceTree = "<group>"; };
		49AE2B1D2163DD4F00055136 /* Base */ = {isa = PBXFileReference; lastKnownFileType = file.storyboard; name = Base; path = Base.lproj/OnlyCalendar.storyboard; sourceTree = "<group>"; };
		49AE2B222163DD5200055136 /* Base */ = {isa = PBXFileReference; lastKnownFileType = file.storyboard; name = Base; path = Base.lproj/LaunchScreen.storyboard; sourceTree = "<group>"; };
		49AE2B242163DD5200055136 /* Info.plist */ = {isa = PBXFileReference; lastKnownFileType = text.plist.xml; path = Info.plist; sourceTree = "<group>"; };
		49AE2B2C2163DF1900055136 /* CalendarViewController.swift */ = {isa = PBXFileReference; lastKnownFileType = sourcecode.swift; path = CalendarViewController.swift; sourceTree = "<group>"; };
		6DDAC83CB4181DD96AB7A321 /* Pods-FinalChallengeTests.debug.xcconfig */ = {isa = PBXFileReference; includeInIndex = 1; lastKnownFileType = text.xcconfig; name = "Pods-FinalChallengeTests.debug.xcconfig"; path = "Pods/Target Support Files/Pods-FinalChallengeTests/Pods-FinalChallengeTests.debug.xcconfig"; sourceTree = "<group>"; };
		7235B64486FAA02A01091F47 /* Pods_FinalChallengeTests.framework */ = {isa = PBXFileReference; explicitFileType = wrapper.framework; includeInIndex = 0; path = Pods_FinalChallengeTests.framework; sourceTree = BUILT_PRODUCTS_DIR; };
		BBE46AC79888A3658A26CABE /* Pods-FinalChallenge.release.xcconfig */ = {isa = PBXFileReference; includeInIndex = 1; lastKnownFileType = text.xcconfig; name = "Pods-FinalChallenge.release.xcconfig"; path = "Pods/Target Support Files/Pods-FinalChallenge/Pods-FinalChallenge.release.xcconfig"; sourceTree = "<group>"; };
		BD290BE0216BE6EF001F16EA /* CheckboxAnswer+CoreDataClass.swift */ = {isa = PBXFileReference; lastKnownFileType = sourcecode.swift; path = "CheckboxAnswer+CoreDataClass.swift"; sourceTree = "<group>"; };
		BD290BE1216BE6EF001F16EA /* CheckboxAnswer+CoreDataProperties.swift */ = {isa = PBXFileReference; lastKnownFileType = sourcecode.swift; path = "CheckboxAnswer+CoreDataProperties.swift"; sourceTree = "<group>"; };
		BD290BE2216BE6EF001F16EA /* MoodInput+CoreDataClass.swift */ = {isa = PBXFileReference; lastKnownFileType = sourcecode.swift; path = "MoodInput+CoreDataClass.swift"; sourceTree = "<group>"; };
		BD290BE3216BE6EF001F16EA /* MoodInput+CoreDataProperties.swift */ = {isa = PBXFileReference; lastKnownFileType = sourcecode.swift; path = "MoodInput+CoreDataProperties.swift"; sourceTree = "<group>"; };
		BD290BE4216BE6EF001F16EA /* Author+CoreDataClass.swift */ = {isa = PBXFileReference; lastKnownFileType = sourcecode.swift; path = "Author+CoreDataClass.swift"; sourceTree = "<group>"; };
		BD290BE5216BE6EF001F16EA /* Author+CoreDataProperties.swift */ = {isa = PBXFileReference; lastKnownFileType = sourcecode.swift; path = "Author+CoreDataProperties.swift"; sourceTree = "<group>"; };
		BD290BE6216BE6EF001F16EA /* RadioboxAnswer+CoreDataClass.swift */ = {isa = PBXFileReference; lastKnownFileType = sourcecode.swift; path = "RadioboxAnswer+CoreDataClass.swift"; sourceTree = "<group>"; };
		BD290BE7216BE6EF001F16EA /* RadioboxAnswer+CoreDataProperties.swift */ = {isa = PBXFileReference; lastKnownFileType = sourcecode.swift; path = "RadioboxAnswer+CoreDataProperties.swift"; sourceTree = "<group>"; };
		BD290BE8216BE6EF001F16EA /* CheckboxQuestion+CoreDataClass.swift */ = {isa = PBXFileReference; lastKnownFileType = sourcecode.swift; path = "CheckboxQuestion+CoreDataClass.swift"; sourceTree = "<group>"; };
		BD290BE9216BE6EF001F16EA /* CheckboxQuestion+CoreDataProperties.swift */ = {isa = PBXFileReference; lastKnownFileType = sourcecode.swift; path = "CheckboxQuestion+CoreDataProperties.swift"; sourceTree = "<group>"; };
		BD290BEA216BE6EF001F16EA /* Answer+CoreDataClass.swift */ = {isa = PBXFileReference; lastKnownFileType = sourcecode.swift; path = "Answer+CoreDataClass.swift"; sourceTree = "<group>"; };
		BD290BEB216BE6EF001F16EA /* Answer+CoreDataProperties.swift */ = {isa = PBXFileReference; lastKnownFileType = sourcecode.swift; path = "Answer+CoreDataProperties.swift"; sourceTree = "<group>"; };
		BD290BEC216BE6EF001F16EA /* RadioboxQuestion+CoreDataClass.swift */ = {isa = PBXFileReference; lastKnownFileType = sourcecode.swift; path = "RadioboxQuestion+CoreDataClass.swift"; sourceTree = "<group>"; };
		BD290BED216BE6EF001F16EA /* RadioboxQuestion+CoreDataProperties.swift */ = {isa = PBXFileReference; lastKnownFileType = sourcecode.swift; path = "RadioboxQuestion+CoreDataProperties.swift"; sourceTree = "<group>"; };
		BD290BEE216BE6EF001F16EA /* DissertationQuestion+CoreDataClass.swift */ = {isa = PBXFileReference; lastKnownFileType = sourcecode.swift; path = "DissertationQuestion+CoreDataClass.swift"; sourceTree = "<group>"; };
		BD290BEF216BE6EF001F16EA /* DissertationQuestion+CoreDataProperties.swift */ = {isa = PBXFileReference; lastKnownFileType = sourcecode.swift; path = "DissertationQuestion+CoreDataProperties.swift"; sourceTree = "<group>"; };
		BD290BF0216BE6EF001F16EA /* MoodType+CoreDataClass.swift */ = {isa = PBXFileReference; lastKnownFileType = sourcecode.swift; path = "MoodType+CoreDataClass.swift"; sourceTree = "<group>"; };
		BD290BF1216BE6EF001F16EA /* MoodType+CoreDataProperties.swift */ = {isa = PBXFileReference; lastKnownFileType = sourcecode.swift; path = "MoodType+CoreDataProperties.swift"; sourceTree = "<group>"; };
		BD290BF2216BE6EF001F16EA /* DissertationAnswer+CoreDataClass.swift */ = {isa = PBXFileReference; lastKnownFileType = sourcecode.swift; path = "DissertationAnswer+CoreDataClass.swift"; sourceTree = "<group>"; };
		BD290BF3216BE6EF001F16EA /* DissertationAnswer+CoreDataProperties.swift */ = {isa = PBXFileReference; lastKnownFileType = sourcecode.swift; path = "DissertationAnswer+CoreDataProperties.swift"; sourceTree = "<group>"; };
		BD290BF4216BE6EF001F16EA /* Category+CoreDataClass.swift */ = {isa = PBXFileReference; lastKnownFileType = sourcecode.swift; path = "Category+CoreDataClass.swift"; sourceTree = "<group>"; };
		BD290BF5216BE6EF001F16EA /* Category+CoreDataProperties.swift */ = {isa = PBXFileReference; lastKnownFileType = sourcecode.swift; path = "Category+CoreDataProperties.swift"; sourceTree = "<group>"; };
		BD290BF6216BE6EF001F16EA /* Question+CoreDataClass.swift */ = {isa = PBXFileReference; lastKnownFileType = sourcecode.swift; path = "Question+CoreDataClass.swift"; sourceTree = "<group>"; };
		BD290BF7216BE6EF001F16EA /* Question+CoreDataProperties.swift */ = {isa = PBXFileReference; lastKnownFileType = sourcecode.swift; path = "Question+CoreDataProperties.swift"; sourceTree = "<group>"; };
		BD290C29216BEFFD001F16EA /* CheckboxQuestionDAOTests.swift */ = {isa = PBXFileReference; lastKnownFileType = sourcecode.swift; path = CheckboxQuestionDAOTests.swift; sourceTree = "<group>"; };
		BD290C2B216BF569001F16EA /* QuestionsDAOTests.swift */ = {isa = PBXFileReference; lastKnownFileType = sourcecode.swift; path = QuestionsDAOTests.swift; sourceTree = "<group>"; };
		BD290C2D216D15E0001F16EA /* RadioboxQuestionDAO.swift */ = {isa = PBXFileReference; lastKnownFileType = sourcecode.swift; path = RadioboxQuestionDAO.swift; sourceTree = "<group>"; };
		BD290C30216D17F6001F16EA /* RadioboxQuestionDAOTests.swift */ = {isa = PBXFileReference; lastKnownFileType = sourcecode.swift; path = RadioboxQuestionDAOTests.swift; sourceTree = "<group>"; };
		BD290C34216D1A90001F16EA /* AuthorDAOTests.swift */ = {isa = PBXFileReference; lastKnownFileType = sourcecode.swift; path = AuthorDAOTests.swift; sourceTree = "<group>"; };
		BD290C36216D1B60001F16EA /* AuthorDAO.swift */ = {isa = PBXFileReference; lastKnownFileType = sourcecode.swift; path = AuthorDAO.swift; sourceTree = "<group>"; };
		BD290C41216D2FDD001F16EA /* AnswerDAO.swift */ = {isa = PBXFileReference; lastKnownFileType = sourcecode.swift; path = AnswerDAO.swift; sourceTree = "<group>"; };
		BD290C43216D3085001F16EA /* DissertationAnswersDAO.swift */ = {isa = PBXFileReference; lastKnownFileType = sourcecode.swift; path = DissertationAnswersDAO.swift; sourceTree = "<group>"; };
		BD290C45216D32E3001F16EA /* CheckboxAnswer.swift */ = {isa = PBXFileReference; lastKnownFileType = sourcecode.swift; path = CheckboxAnswer.swift; sourceTree = "<group>"; };
		BD290C47216D33C6001F16EA /* RadioboxAnswerDAO.swift */ = {isa = PBXFileReference; lastKnownFileType = sourcecode.swift; path = RadioboxAnswerDAO.swift; sourceTree = "<group>"; };
		BD290C49216D352D001F16EA /* MoodDAO.swift */ = {isa = PBXFileReference; lastKnownFileType = sourcecode.swift; path = MoodDAO.swift; sourceTree = "<group>"; };
		BD290C4F216E9613001F16EA /* DailySummary.storyboard */ = {isa = PBXFileReference; lastKnownFileType = file.storyboard; path = DailySummary.storyboard; sourceTree = "<group>"; };
		BD290C51216E9764001F16EA /* DaySummaryTableViewController.swift */ = {isa = PBXFileReference; lastKnownFileType = sourcecode.swift; path = DaySummaryTableViewController.swift; sourceTree = "<group>"; };
		BD290C53216E9DA4001F16EA /* DailySummaryViewController.swift */ = {isa = PBXFileReference; lastKnownFileType = sourcecode.swift; path = DailySummaryViewController.swift; sourceTree = "<group>"; };
		BD290C6321752918001F16EA /* AnswerTableViewCell.swift */ = {isa = PBXFileReference; lastKnownFileType = sourcecode.swift; path = AnswerTableViewCell.swift; sourceTree = "<group>"; };
		BD290C6621752978001F16EA /* MoodInputTableViewCell.swift */ = {isa = PBXFileReference; lastKnownFileType = sourcecode.swift; path = MoodInputTableViewCell.swift; sourceTree = "<group>"; };
		BD3635DE218A19FF00E4A6EA /* QuestionsHistoric.storyboard */ = {isa = PBXFileReference; lastKnownFileType = file.storyboard; name = QuestionsHistoric.storyboard; path = "FinalChallenge/Source/Modules/Questions Historic/View/QuestionsHistoric.storyboard"; sourceTree = "<group>"; };
		BD3635DF218A19FF00E4A6EA /* QuestionsHistoricPresenter.swift */ = {isa = PBXFileReference; lastKnownFileType = sourcecode.swift; name = QuestionsHistoricPresenter.swift; path = "FinalChallenge/Source/Modules/Questions Historic/Presenter/QuestionsHistoricPresenter.swift"; sourceTree = "<group>"; };
		BD3635E0218A19FF00E4A6EA /* QuestionsHistoricRouter.swift */ = {isa = PBXFileReference; lastKnownFileType = sourcecode.swift; name = QuestionsHistoricRouter.swift; path = "FinalChallenge/Source/Modules/Questions Historic/Router/QuestionsHistoricRouter.swift"; sourceTree = "<group>"; };
		BD3635E1218A19FF00E4A6EA /* QuestionsHistoricProtocols.swift */ = {isa = PBXFileReference; lastKnownFileType = sourcecode.swift; name = QuestionsHistoricProtocols.swift; path = "FinalChallenge/Source/Modules/Questions Historic/QuestionsHistoricProtocols.swift"; sourceTree = "<group>"; };
		BD3635E2218A19FF00E4A6EA /* QuestionsHistoricInteractor.swift */ = {isa = PBXFileReference; lastKnownFileType = sourcecode.swift; name = QuestionsHistoricInteractor.swift; path = "FinalChallenge/Source/Modules/Questions Historic/Interactor/QuestionsHistoricInteractor.swift"; sourceTree = "<group>"; };
		BD3635E3218A19FF00E4A6EA /* QuestionsHistoricView.swift */ = {isa = PBXFileReference; lastKnownFileType = sourcecode.swift; name = QuestionsHistoricView.swift; path = "FinalChallenge/Source/Modules/Questions Historic/View/QuestionsHistoricView.swift"; sourceTree = "<group>"; };
		BD3635F0218A1DC000E4A6EA /* QuestionsHistoricHeader.xib */ = {isa = PBXFileReference; lastKnownFileType = file.xib; name = QuestionsHistoricHeader.xib; path = "FinalChallenge/Source/Modules/Questions Historic/View/Table View/QuestionsHistoricHeader.xib"; sourceTree = "<group>"; };
		BD3635F2218A1E3400E4A6EA /* QuestionsHistoricHeaderView.swift */ = {isa = PBXFileReference; lastKnownFileType = sourcecode.swift; name = QuestionsHistoricHeaderView.swift; path = "FinalChallenge/Source/Modules/Questions Historic/View/Table View/QuestionsHistoricHeaderView.swift"; sourceTree = "<group>"; };
		BD3635F5218A204700E4A6EA /* QuestionsHistoricCell.swift */ = {isa = PBXFileReference; lastKnownFileType = sourcecode.swift; name = QuestionsHistoricCell.swift; path = "FinalChallenge/Source/Modules/Questions Historic/View/Table View/QuestionsHistoricCell.swift"; sourceTree = "<group>"; };
		BD3635F7218A387B00E4A6EA /* QuestionsCategoryViewObject.swift */ = {isa = PBXFileReference; lastKnownFileType = sourcecode.swift; name = QuestionsCategoryViewObject.swift; path = "FinalChallenge/Source/Modules/Questions Historic/View/View Object/QuestionsCategoryViewObject.swift"; sourceTree = "<group>"; };
		BD3E3C542183AE0900539ADB /* BreathingPresenter.swift */ = {isa = PBXFileReference; lastKnownFileType = sourcecode.swift; path = BreathingPresenter.swift; sourceTree = "<group>"; };
		BD3E3C552183AE0900539ADB /* BreathingRouter.swift */ = {isa = PBXFileReference; lastKnownFileType = sourcecode.swift; path = BreathingRouter.swift; sourceTree = "<group>"; };
		BD3E3C562183AE0900539ADB /* BreathingProtocols.swift */ = {isa = PBXFileReference; lastKnownFileType = sourcecode.swift; path = BreathingProtocols.swift; sourceTree = "<group>"; };
		BD3E3C6F2187804000539ADB /* Main.storyboard */ = {isa = PBXFileReference; lastKnownFileType = file.storyboard; path = Main.storyboard; sourceTree = "<group>"; };
		BD3E3C702187804000539ADB /* MainPresenter.swift */ = {isa = PBXFileReference; lastKnownFileType = sourcecode.swift; path = MainPresenter.swift; sourceTree = "<group>"; };
		BD3E3C712187804000539ADB /* MainRouter.swift */ = {isa = PBXFileReference; lastKnownFileType = sourcecode.swift; path = MainRouter.swift; sourceTree = "<group>"; };
		BD3E3C722187804000539ADB /* MainProtocols.swift */ = {isa = PBXFileReference; lastKnownFileType = sourcecode.swift; path = MainProtocols.swift; sourceTree = "<group>"; };
		BD3E3C7E2187812900539ADB /* MainView.swift */ = {isa = PBXFileReference; lastKnownFileType = sourcecode.swift; path = MainView.swift; sourceTree = "<group>"; };
		BD4E0E7A2179159700DEA2F5 /* Breathing.storyboard */ = {isa = PBXFileReference; lastKnownFileType = file.storyboard; path = Breathing.storyboard; sourceTree = "<group>"; };
		BD4E0E7C2179192100DEA2F5 /* giphy.gif */ = {isa = PBXFileReference; lastKnownFileType = image.gif; path = giphy.gif; sourceTree = "<group>"; };
		BD4E0E7F2179197A00DEA2F5 /* FunnyGif.swift */ = {isa = PBXFileReference; lastKnownFileType = sourcecode.swift; path = FunnyGif.swift; sourceTree = "<group>"; };
		BD4E0E8221791A1500DEA2F5 /* BreathingViewController.swift */ = {isa = PBXFileReference; lastKnownFileType = sourcecode.swift; path = BreathingViewController.swift; sourceTree = "<group>"; };
		BD9749F32163E4E200612838 /* FinalChallengeDatabase.xcdatamodel */ = {isa = PBXFileReference; lastKnownFileType = wrapper.xcdatamodel; path = FinalChallengeDatabase.xcdatamodel; sourceTree = "<group>"; };
		BD974A262163FD4600612838 /* CoreDataManager.swift */ = {isa = PBXFileReference; lastKnownFileType = sourcecode.swift; path = CoreDataManager.swift; sourceTree = "<group>"; };
		BD974A3621654E3800612838 /* DataAccessError.swift */ = {isa = PBXFileReference; lastKnownFileType = sourcecode.swift; path = DataAccessError.swift; sourceTree = "<group>"; };
		BD974A38216681F100612838 /* QuestionDAO.swift */ = {isa = PBXFileReference; lastKnownFileType = sourcecode.swift; path = QuestionDAO.swift; sourceTree = "<group>"; };
		BD974A3E2167CDF900612838 /* DissertativeQuestionDAO.swift */ = {isa = PBXFileReference; lastKnownFileType = sourcecode.swift; path = DissertativeQuestionDAO.swift; sourceTree = "<group>"; };
		BD974A442167DE4F00612838 /* CheckboxQuestionDAO.swift */ = {isa = PBXFileReference; lastKnownFileType = sourcecode.swift; path = CheckboxQuestionDAO.swift; sourceTree = "<group>"; };
		BD974A4A2167F01800612838 /* FinalChallengeTests.xctest */ = {isa = PBXFileReference; explicitFileType = wrapper.cfbundle; includeInIndex = 0; path = FinalChallengeTests.xctest; sourceTree = BUILT_PRODUCTS_DIR; };
		BD974A4E2167F01800612838 /* Info.plist */ = {isa = PBXFileReference; lastKnownFileType = text.plist.xml; path = Info.plist; sourceTree = "<group>"; };
		BD974A542167F03B00612838 /* DissertativeQuestionDAOTests.swift */ = {isa = PBXFileReference; lastKnownFileType = sourcecode.swift; path = DissertativeQuestionDAOTests.swift; sourceTree = "<group>"; };
		BD974A742167F4F700612838 /* CategoryDAO.swift */ = {isa = PBXFileReference; lastKnownFileType = sourcecode.swift; path = CategoryDAO.swift; sourceTree = "<group>"; };
		BD974A782167F86900612838 /* CategoryDAOTests.swift */ = {isa = PBXFileReference; lastKnownFileType = sourcecode.swift; path = CategoryDAOTests.swift; sourceTree = "<group>"; };
		BDA84B8F217657D500F75D05 /* InsertTableViewCell.swift */ = {isa = PBXFileReference; lastKnownFileType = sourcecode.swift; path = InsertTableViewCell.swift; sourceTree = "<group>"; };
		BDAF3ABB218B82D900EFD2A9 /* QuestionAnswers.storyboard */ = {isa = PBXFileReference; lastKnownFileType = file.storyboard; path = QuestionAnswers.storyboard; sourceTree = "<group>"; };
		BDAF3ABC218B82D900EFD2A9 /* QuestionAnswersPresenter.swift */ = {isa = PBXFileReference; lastKnownFileType = sourcecode.swift; path = QuestionAnswersPresenter.swift; sourceTree = "<group>"; };
		BDAF3ABD218B82D900EFD2A9 /* QuestionAnswersRouter.swift */ = {isa = PBXFileReference; lastKnownFileType = sourcecode.swift; path = QuestionAnswersRouter.swift; sourceTree = "<group>"; };
		BDAF3ABE218B82D900EFD2A9 /* QuestionAnswersProtocols.swift */ = {isa = PBXFileReference; lastKnownFileType = sourcecode.swift; path = QuestionAnswersProtocols.swift; sourceTree = "<group>"; };
		BDAF3ABF218B82D900EFD2A9 /* QuestionAnswersInteractor.swift */ = {isa = PBXFileReference; lastKnownFileType = sourcecode.swift; path = QuestionAnswersInteractor.swift; sourceTree = "<group>"; };
		BDAF3AC0218B82D900EFD2A9 /* QuestionAnswersView.swift */ = {isa = PBXFileReference; lastKnownFileType = sourcecode.swift; path = QuestionAnswersView.swift; sourceTree = "<group>"; };
		BDAF3ACB218B87C000EFD2A9 /* QuestionTextCell.swift */ = {isa = PBXFileReference; lastKnownFileType = sourcecode.swift; path = QuestionTextCell.swift; sourceTree = "<group>"; };
		BDAF3ACD218B998800EFD2A9 /* AnswerCell.swift */ = {isa = PBXFileReference; lastKnownFileType = sourcecode.swift; path = AnswerCell.swift; sourceTree = "<group>"; };
		BDD81C3A2193416F00880601 /* Profile.storyboard */ = {isa = PBXFileReference; lastKnownFileType = file.storyboard; path = Profile.storyboard; sourceTree = "<group>"; };
		BDD81C3B2193416F00880601 /* ProfilePresenter.swift */ = {isa = PBXFileReference; lastKnownFileType = sourcecode.swift; path = ProfilePresenter.swift; sourceTree = "<group>"; };
		BDD81C3C2193416F00880601 /* ProfileRouter.swift */ = {isa = PBXFileReference; lastKnownFileType = sourcecode.swift; path = ProfileRouter.swift; sourceTree = "<group>"; };
		BDD81C3D2193416F00880601 /* ProfileProtocols.swift */ = {isa = PBXFileReference; lastKnownFileType = sourcecode.swift; path = ProfileProtocols.swift; sourceTree = "<group>"; };
		BDD81C3E2193416F00880601 /* ProfileInteractor.swift */ = {isa = PBXFileReference; lastKnownFileType = sourcecode.swift; path = ProfileInteractor.swift; sourceTree = "<group>"; };
		BDD81C3F2193416F00880601 /* ProfileView.swift */ = {isa = PBXFileReference; lastKnownFileType = sourcecode.swift; path = ProfileView.swift; sourceTree = "<group>"; };
		BDE4682E2180F6DD002BDE93 /* DaySummary.storyboard */ = {isa = PBXFileReference; fileEncoding = 4; lastKnownFileType = file.storyboard; path = DaySummary.storyboard; sourceTree = "<group>"; };
		BDE468322180F777002BDE93 /* DaySummaryProtocols.swift */ = {isa = PBXFileReference; lastKnownFileType = sourcecode.swift; path = DaySummaryProtocols.swift; sourceTree = "<group>"; };
		BDE468352180F8CF002BDE93 /* DaySummaryPresenter.swift */ = {isa = PBXFileReference; lastKnownFileType = sourcecode.swift; path = DaySummaryPresenter.swift; sourceTree = "<group>"; };
		BDE468392180F91E002BDE93 /* DaySummaryInteractor.swift */ = {isa = PBXFileReference; lastKnownFileType = sourcecode.swift; path = DaySummaryInteractor.swift; sourceTree = "<group>"; };
		BDE4683D2180F94B002BDE93 /* DaySummaryRouter.swift */ = {isa = PBXFileReference; lastKnownFileType = sourcecode.swift; path = DaySummaryRouter.swift; sourceTree = "<group>"; };
		C58FAB0F5CF029BA433B64C5 /* Pods_FinalChallenge.framework */ = {isa = PBXFileReference; explicitFileType = wrapper.framework; includeInIndex = 0; path = Pods_FinalChallenge.framework; sourceTree = BUILT_PRODUCTS_DIR; };
		D5F6C0D3FE9A09DAE3E9ADCF /* Pods-FinalChallenge.debug.xcconfig */ = {isa = PBXFileReference; includeInIndex = 1; lastKnownFileType = text.xcconfig; name = "Pods-FinalChallenge.debug.xcconfig"; path = "Pods/Target Support Files/Pods-FinalChallenge/Pods-FinalChallenge.debug.xcconfig"; sourceTree = "<group>"; };
/* End PBXFileReference section */

/* Begin PBXFrameworksBuildPhase section */
		49AE2B122163DD4F00055136 /* Frameworks */ = {
			isa = PBXFrameworksBuildPhase;
			buildActionMask = 2147483647;
			files = (
				E9774ADDB7B6E55F99338776 /* Pods_FinalChallenge.framework in Frameworks */,
			);
			runOnlyForDeploymentPostprocessing = 0;
		};
		BD974A472167F01800612838 /* Frameworks */ = {
			isa = PBXFrameworksBuildPhase;
			buildActionMask = 2147483647;
			files = (
				4918AE4D586309C414224CF9 /* Pods_FinalChallengeTests.framework in Frameworks */,
			);
			runOnlyForDeploymentPostprocessing = 0;
		};
/* End PBXFrameworksBuildPhase section */

/* Begin PBXGroup section */
		450ED4C82177D7FE00195CAE /* Localizable */ = {
			isa = PBXGroup;
			children = (
				450ED4CD2177D85300195CAE /* Localizable.strings */,
			);
			path = Localizable;
			sourceTree = "<group>";
		};
		453953EE21766CD900CF71EC /* Daily Questions */ = {
			isa = PBXGroup;
			children = (
				BD3E3C512183A87100539ADB /* Breathing */,
				453953F221766D0F00CF71EC /* DailyQuestionProtocols.swift */,
				453953FD21766D3100CF71EC /* Router */,
				453953FE21766D3600CF71EC /* Interactor */,
				453953FC21766D2900CF71EC /* Presenter */,
				453953FB21766D2000CF71EC /* View */,
			);
			path = "Daily Questions";
			sourceTree = "<group>";
		};
		453953FB21766D2000CF71EC /* View */ = {
			isa = PBXGroup;
			children = (
				453953FF21766D7800CF71EC /* CollectionView */,
				4539540421766DBF00CF71EC /* DailyQuestion.storyboard */,
				453953F421766D0F00CF71EC /* DailyQuestionView.swift */,
			);
			path = View;
			sourceTree = "<group>";
		};
		453953FC21766D2900CF71EC /* Presenter */ = {
			isa = PBXGroup;
			children = (
				453953F021766D0F00CF71EC /* DailyQuestionPresenter.swift */,
			);
			path = Presenter;
			sourceTree = "<group>";
		};
		453953FD21766D3100CF71EC /* Router */ = {
			isa = PBXGroup;
			children = (
				453953F121766D0F00CF71EC /* DailyQuestionRouter.swift */,
			);
			path = Router;
			sourceTree = "<group>";
		};
		453953FE21766D3600CF71EC /* Interactor */ = {
			isa = PBXGroup;
			children = (
				453953F321766D0F00CF71EC /* DailyQuestionInteractor.swift */,
			);
			path = Interactor;
			sourceTree = "<group>";
		};
		453953FF21766D7800CF71EC /* CollectionView */ = {
			isa = PBXGroup;
			children = (
				4539541321766E6A00CF71EC /* BaseRoundedCardCollectionViewCell.swift */,
				4539540021766DBF00CF71EC /* DailyQuestionCollectionViewCell.swift */,
				4539541221766E6A00CF71EC /* CenterAndZoomFlowLayout.swift */,
			);
			path = CollectionView;
			sourceTree = "<group>";
		};
		454DF7A721655BDB0091E792 /* Source */ = {
			isa = PBXGroup;
			children = (
				BD974A252163F74B00612838 /* Models */,
				457F34F5216FD6E100B3F1C6 /* Modules */,
				491511F621751232007C0E09 /* Services */,
				491511F72175124C007C0E09 /* Utils */,
			);
			path = Source;
			sourceTree = "<group>";
		};
		454DF7A821655D200091E792 /* Resources */ = {
			isa = PBXGroup;
			children = (
				450ED4C82177D7FE00195CAE /* Localizable */,
				451A751F216D3E7600CA0760 /* Assets.xcassets */,
				49AE2B242163DD5200055136 /* Info.plist */,
			);
			path = Resources;
			sourceTree = "<group>";
		};
		457F34F5216FD6E100B3F1C6 /* Modules */ = {
			isa = PBXGroup;
			children = (
				BDAF3ABA218B829500EFD2A9 /* Question Answers */,
				BDB5F7C02192000E0092BEDF /* Questions Historic */,
				4925B40D217571D100413181 /* Main */,
				BDB7C53721823724009A8206 /* Day Summary View */,
				453953EE21766CD900CF71EC /* Daily Questions */,
				458F8FF42190A1ED009F31A8 /* Answer Question */,
				BDD81C462193417300880601 /* Profile */,
			);
			path = Modules;
			sourceTree = "<group>";
		};
		458F8FF42190A1ED009F31A8 /* Answer Question */ = {
			isa = PBXGroup;
			children = (
				458F8FEB2190A1E6009F31A8 /* AnswerQuestionProtocols.swift */,
				458F8FFA2190A3D7009F31A8 /* Router */,
				458F8FFB2190A3DE009F31A8 /* Interactor */,
				458F8FF82190A3C8009F31A8 /* Presenter */,
				458F8FF72190A341009F31A8 /* View */,
			);
			path = "Answer Question";
			sourceTree = "<group>";
		};
		458F8FF72190A341009F31A8 /* View */ = {
			isa = PBXGroup;
			children = (
				458F8FE82190A1E6009F31A8 /* AnswerQuestion.storyboard */,
				458F8FED2190A1E6009F31A8 /* AnswerQuestionView.swift */,
			);
			path = View;
			sourceTree = "<group>";
		};
		458F8FF82190A3C8009F31A8 /* Presenter */ = {
			isa = PBXGroup;
			children = (
				458F8FE92190A1E6009F31A8 /* AnswerQuestionPresenter.swift */,
			);
			path = Presenter;
			sourceTree = "<group>";
		};
		458F8FFA2190A3D7009F31A8 /* Router */ = {
			isa = PBXGroup;
			children = (
				458F8FEA2190A1E6009F31A8 /* AnswerQuestionRouter.swift */,
			);
			path = Router;
			sourceTree = "<group>";
		};
		458F8FFB2190A3DE009F31A8 /* Interactor */ = {
			isa = PBXGroup;
			children = (
				458F8FEC2190A1E6009F31A8 /* AnswerQuestionInteractor.swift */,
			);
			path = Interactor;
			sourceTree = "<group>";
		};
		491511F621751232007C0E09 /* Services */ = {
			isa = PBXGroup;
			children = (
				BD974A282163FD4C00612838 /* Managers */,
				BD974A3521654B4100612838 /* Data Access Objects */,
			);
			path = Services;
			sourceTree = "<group>";
		};
		491511F72175124C007C0E09 /* Utils */ = {
			isa = PBXGroup;
			children = (
				491511F0216FC045007C0E09 /* RoundedUIButton.swift */,
				491511EE216FBFF6007C0E09 /* UIView+Extension.swift */,
				450ED4C42177ABA700195CAE /* Constants.swift */,
			);
			path = Utils;
			sourceTree = "<group>";
		};
		4925B40D217571D100413181 /* Main */ = {
			isa = PBXGroup;
			children = (
				BD3E3C722187804000539ADB /* MainProtocols.swift */,
				BD3E3C7D2187805C00539ADB /* Router */,
				BD3E3C7C2187805600539ADB /* Presenter */,
				BD3E3C7B2187804800539ADB /* View */,
			);
			path = Main;
			sourceTree = "<group>";
		};
		49AE2B0C2163DD4F00055136 = {
			isa = PBXGroup;
			children = (
				49AE2B172163DD4F00055136 /* FinalChallenge */,
				BD974A4B2167F01800612838 /* FinalChallengeTests */,
				49AE2B162163DD4F00055136 /* Products */,
				9CFB28AB508E1000AD315491 /* Pods */,
				F84F77F27EDB0EC1035497DF /* Frameworks */,
			);
			sourceTree = "<group>";
		};
		49AE2B162163DD4F00055136 /* Products */ = {
			isa = PBXGroup;
			children = (
				49AE2B152163DD4F00055136 /* FinalChallenge.app */,
				BD974A4A2167F01800612838 /* FinalChallengeTests.xctest */,
			);
			name = Products;
			sourceTree = "<group>";
		};
		49AE2B172163DD4F00055136 /* FinalChallenge */ = {
			isa = PBXGroup;
			children = (
				49AE2B182163DD4F00055136 /* AppDelegate.swift */,
				49AE2B212163DD5200055136 /* LaunchScreen.storyboard */,
				454DF7A821655D200091E792 /* Resources */,
				454DF7A721655BDB0091E792 /* Source */,
			);
			path = FinalChallenge;
			sourceTree = "<group>";
		};
		9CFB28AB508E1000AD315491 /* Pods */ = {
			isa = PBXGroup;
			children = (
				D5F6C0D3FE9A09DAE3E9ADCF /* Pods-FinalChallenge.debug.xcconfig */,
				BBE46AC79888A3658A26CABE /* Pods-FinalChallenge.release.xcconfig */,
				6DDAC83CB4181DD96AB7A321 /* Pods-FinalChallengeTests.debug.xcconfig */,
				1CE024013127B10F73C6BDFA /* Pods-FinalChallengeTests.release.xcconfig */,
			);
			name = Pods;
			sourceTree = "<group>";
		};
		BD290C32216D1A49001F16EA /* Data Access Objects Tests */ = {
			isa = PBXGroup;
			children = (
				BD974A782167F86900612838 /* CategoryDAOTests.swift */,
				BD290C34216D1A90001F16EA /* AuthorDAOTests.swift */,
				BD290C33216D1A6A001F16EA /* QuestionsDAO's Tests */,
			);
			path = "Data Access Objects Tests";
			sourceTree = "<group>";
		};
		BD290C33216D1A6A001F16EA /* QuestionsDAO's Tests */ = {
			isa = PBXGroup;
			children = (
				BD974A542167F03B00612838 /* DissertativeQuestionDAOTests.swift */,
				BD290C29216BEFFD001F16EA /* CheckboxQuestionDAOTests.swift */,
				BD290C2B216BF569001F16EA /* QuestionsDAOTests.swift */,
				BD290C30216D17F6001F16EA /* RadioboxQuestionDAOTests.swift */,
			);
			path = "QuestionsDAO's Tests";
			sourceTree = "<group>";
		};
		BD290C40216D2FBB001F16EA /* AnswersDAO's */ = {
			isa = PBXGroup;
			children = (
				BD290C41216D2FDD001F16EA /* AnswerDAO.swift */,
				BD290C43216D3085001F16EA /* DissertationAnswersDAO.swift */,
				BD290C45216D32E3001F16EA /* CheckboxAnswer.swift */,
				BD290C47216D33C6001F16EA /* RadioboxAnswerDAO.swift */,
			);
			path = "AnswersDAO's";
			sourceTree = "<group>";
		};
		BD3E3C5021838E7800539ADB /* Storyboards */ = {
			isa = PBXGroup;
			children = (
				49AE2B1C2163DD4F00055136 /* OnlyCalendar.storyboard */,
				BD290C4F216E9613001F16EA /* DailySummary.storyboard */,
				BDE4682E2180F6DD002BDE93 /* DaySummary.storyboard */,
			);
			path = Storyboards;
			sourceTree = "<group>";
		};
		BD3E3C512183A87100539ADB /* Breathing */ = {
			isa = PBXGroup;
			children = (
				BD4E0E8521791BF500DEA2F5 /* Bullshit */,
				BD3E3C562183AE0900539ADB /* BreathingProtocols.swift */,
				BD3E3C602183AE3100539ADB /* Router */,
				BD3E3C5F2183AE2300539ADB /* Presenter */,
				BD3E3C522183ADF600539ADB /* View */,
			);
			path = Breathing;
			sourceTree = "<group>";
		};
		BD3E3C522183ADF600539ADB /* View */ = {
			isa = PBXGroup;
			children = (
				BD4E0E7A2179159700DEA2F5 /* Breathing.storyboard */,
				BD4E0E8221791A1500DEA2F5 /* BreathingViewController.swift */,
			);
			path = View;
			sourceTree = "<group>";
		};
		BD3E3C5F2183AE2300539ADB /* Presenter */ = {
			isa = PBXGroup;
			children = (
				BD3E3C542183AE0900539ADB /* BreathingPresenter.swift */,
			);
			path = Presenter;
			sourceTree = "<group>";
		};
		BD3E3C602183AE3100539ADB /* Router */ = {
			isa = PBXGroup;
			children = (
				BD3E3C552183AE0900539ADB /* BreathingRouter.swift */,
			);
			path = Router;
			sourceTree = "<group>";
		};
		BD3E3C7B2187804800539ADB /* View */ = {
			isa = PBXGroup;
			children = (
				BD3E3C6F2187804000539ADB /* Main.storyboard */,
				BD3E3C7E2187812900539ADB /* MainView.swift */,
			);
			path = View;
			sourceTree = "<group>";
		};
		BD3E3C7C2187805600539ADB /* Presenter */ = {
			isa = PBXGroup;
			children = (
				BD3E3C702187804000539ADB /* MainPresenter.swift */,
			);
			path = Presenter;
			sourceTree = "<group>";
		};
		BD3E3C7D2187805C00539ADB /* Router */ = {
			isa = PBXGroup;
			children = (
				BD3E3C712187804000539ADB /* MainRouter.swift */,
			);
			path = Router;
			sourceTree = "<group>";
		};
		BD4E0E8521791BF500DEA2F5 /* Bullshit */ = {
			isa = PBXGroup;
			children = (
				BD4E0E7C2179192100DEA2F5 /* giphy.gif */,
				BD4E0E7F2179197A00DEA2F5 /* FunnyGif.swift */,
			);
			path = Bullshit;
			sourceTree = "<group>";
		};
		BD974A252163F74B00612838 /* Models */ = {
			isa = PBXGroup;
			children = (
				BD290BE4216BE6EF001F16EA /* Author+CoreDataClass.swift */,
				BD290BE5216BE6EF001F16EA /* Author+CoreDataProperties.swift */,
				BD290BF4216BE6EF001F16EA /* Category+CoreDataClass.swift */,
				BD290BF5216BE6EF001F16EA /* Category+CoreDataProperties.swift */,
				BD974A3A2166A04D00612838 /* Question */,
				BD974A3B2166A05E00612838 /* Answer */,
				BD974A3C2166A07000612838 /* Mood */,
				BD9749F22163E4E200612838 /* FinalChallengeDatabase.xcdatamodeld */,
			);
			path = Models;
			sourceTree = "<group>";
		};
		BD974A282163FD4C00612838 /* Managers */ = {
			isa = PBXGroup;
			children = (
				49AB023821752D79002B8140 /* QuestionsManager.swift */,
				BD974A262163FD4600612838 /* CoreDataManager.swift */,
			);
			path = Managers;
			sourceTree = "<group>";
		};
		BD974A3521654B4100612838 /* Data Access Objects */ = {
			isa = PBXGroup;
			children = (
				BD974A3621654E3800612838 /* DataAccessError.swift */,
				BD974A742167F4F700612838 /* CategoryDAO.swift */,
				BD290C36216D1B60001F16EA /* AuthorDAO.swift */,
				BD290C49216D352D001F16EA /* MoodDAO.swift */,
				BD974A3D2167CDE300612838 /* QuestionsDAO's */,
				BD290C40216D2FBB001F16EA /* AnswersDAO's */,
			);
			path = "Data Access Objects";
			sourceTree = "<group>";
		};
		BD974A3A2166A04D00612838 /* Question */ = {
			isa = PBXGroup;
			children = (
				BD290BF6216BE6EF001F16EA /* Question+CoreDataClass.swift */,
				BD290BF7216BE6EF001F16EA /* Question+CoreDataProperties.swift */,
				BD290BEE216BE6EF001F16EA /* DissertationQuestion+CoreDataClass.swift */,
				BD290BEF216BE6EF001F16EA /* DissertationQuestion+CoreDataProperties.swift */,
				BD290BEC216BE6EF001F16EA /* RadioboxQuestion+CoreDataClass.swift */,
				BD290BED216BE6EF001F16EA /* RadioboxQuestion+CoreDataProperties.swift */,
				BD290BE8216BE6EF001F16EA /* CheckboxQuestion+CoreDataClass.swift */,
				BD290BE9216BE6EF001F16EA /* CheckboxQuestion+CoreDataProperties.swift */,
			);
			path = Question;
			sourceTree = "<group>";
		};
		BD974A3B2166A05E00612838 /* Answer */ = {
			isa = PBXGroup;
			children = (
				BD290BF2216BE6EF001F16EA /* DissertationAnswer+CoreDataClass.swift */,
				BD290BF3216BE6EF001F16EA /* DissertationAnswer+CoreDataProperties.swift */,
				BD290BEA216BE6EF001F16EA /* Answer+CoreDataClass.swift */,
				BD290BEB216BE6EF001F16EA /* Answer+CoreDataProperties.swift */,
				BD290BE6216BE6EF001F16EA /* RadioboxAnswer+CoreDataClass.swift */,
				BD290BE7216BE6EF001F16EA /* RadioboxAnswer+CoreDataProperties.swift */,
				BD290BE0216BE6EF001F16EA /* CheckboxAnswer+CoreDataClass.swift */,
				BD290BE1216BE6EF001F16EA /* CheckboxAnswer+CoreDataProperties.swift */,
			);
			path = Answer;
			sourceTree = "<group>";
		};
		BD974A3C2166A07000612838 /* Mood */ = {
			isa = PBXGroup;
			children = (
				BD290BF0216BE6EF001F16EA /* MoodType+CoreDataClass.swift */,
				BD290BF1216BE6EF001F16EA /* MoodType+CoreDataProperties.swift */,
				BD290BE2216BE6EF001F16EA /* MoodInput+CoreDataClass.swift */,
				BD290BE3216BE6EF001F16EA /* MoodInput+CoreDataProperties.swift */,
			);
			path = Mood;
			sourceTree = "<group>";
		};
		BD974A3D2167CDE300612838 /* QuestionsDAO's */ = {
			isa = PBXGroup;
			children = (
				BD974A38216681F100612838 /* QuestionDAO.swift */,
				BD974A3E2167CDF900612838 /* DissertativeQuestionDAO.swift */,
				BD974A442167DE4F00612838 /* CheckboxQuestionDAO.swift */,
				BD290C2D216D15E0001F16EA /* RadioboxQuestionDAO.swift */,
			);
			path = "QuestionsDAO's";
			sourceTree = "<group>";
		};
		BD974A4B2167F01800612838 /* FinalChallengeTests */ = {
			isa = PBXGroup;
			children = (
				BD290C32216D1A49001F16EA /* Data Access Objects Tests */,
				BD974A4E2167F01800612838 /* Info.plist */,
			);
			path = FinalChallengeTests;
			sourceTree = "<group>";
		};
		BDAF3ABA218B829500EFD2A9 /* Question Answers */ = {
			isa = PBXGroup;
			children = (
				BDAF3ABE218B82D900EFD2A9 /* QuestionAnswersProtocols.swift */,
				BDAF3AC8218B831700EFD2A9 /* Router */,
				BDAF3AC9218B832000EFD2A9 /* Interactor */,
				BDAF3AC7218B831000EFD2A9 /* Presenter */,
				BDAF3ACA218B833500EFD2A9 /* View */,
			);
			path = "Question Answers";
			sourceTree = "<group>";
		};
		BDAF3AC7218B831000EFD2A9 /* Presenter */ = {
			isa = PBXGroup;
			children = (
				BDAF3ABC218B82D900EFD2A9 /* QuestionAnswersPresenter.swift */,
			);
			path = Presenter;
			sourceTree = "<group>";
		};
		BDAF3AC8218B831700EFD2A9 /* Router */ = {
			isa = PBXGroup;
			children = (
				BDAF3ABD218B82D900EFD2A9 /* QuestionAnswersRouter.swift */,
			);
			path = Router;
			sourceTree = "<group>";
		};
		BDAF3AC9218B832000EFD2A9 /* Interactor */ = {
			isa = PBXGroup;
			children = (
				BDAF3ABF218B82D900EFD2A9 /* QuestionAnswersInteractor.swift */,
			);
			path = Interactor;
			sourceTree = "<group>";
		};
		BDAF3ACA218B833500EFD2A9 /* View */ = {
			isa = PBXGroup;
			children = (
				BDAF3ABB218B82D900EFD2A9 /* QuestionAnswers.storyboard */,
				BDAF3AC0218B82D900EFD2A9 /* QuestionAnswersView.swift */,
				BDAF3ACF218B999000EFD2A9 /* Table View */,
			);
			path = View;
			sourceTree = "<group>";
		};
		BDAF3ACF218B999000EFD2A9 /* Table View */ = {
			isa = PBXGroup;
			children = (
				BDAF3ACB218B87C000EFD2A9 /* QuestionTextCell.swift */,
				BDAF3ACD218B998800EFD2A9 /* AnswerCell.swift */,
			);
			path = "Table View";
			sourceTree = "<group>";
		};
		BDB5F7BA2191FFC90092BEDF /* Table View */ = {
			isa = PBXGroup;
			children = (
				BD3635F2218A1E3400E4A6EA /* QuestionsHistoricHeaderView.swift */,
				BD3635F5218A204700E4A6EA /* QuestionsHistoricCell.swift */,
				BD3635F0218A1DC000E4A6EA /* QuestionsHistoricHeader.xib */,
			);
			name = "Table View";
			sourceTree = "<group>";
		};
		BDB5F7BB2191FFD10092BEDF /* Router */ = {
			isa = PBXGroup;
			children = (
				BD3635E0218A19FF00E4A6EA /* QuestionsHistoricRouter.swift */,
			);
			name = Router;
			sourceTree = "<group>";
		};
		BDB5F7BC2191FFD60092BEDF /* Interactor */ = {
			isa = PBXGroup;
			children = (
				BD3635E1218A19FF00E4A6EA /* QuestionsHistoricProtocols.swift */,
			);
			name = Interactor;
			sourceTree = "<group>";
		};
		BDB5F7BD2191FFDB0092BEDF /* Presenter */ = {
			isa = PBXGroup;
			children = (
				BD3635DF218A19FF00E4A6EA /* QuestionsHistoricPresenter.swift */,
			);
			name = Presenter;
			sourceTree = "<group>";
		};
		BDB5F7BE2191FFF60092BEDF /* View */ = {
			isa = PBXGroup;
			children = (
				BD3635DE218A19FF00E4A6EA /* QuestionsHistoric.storyboard */,
				BD3635E3218A19FF00E4A6EA /* QuestionsHistoricView.swift */,
				BDB5F7BA2191FFC90092BEDF /* Table View */,
				BDB5F7BF2191FFFC0092BEDF /* View Object */,
			);
			name = View;
			sourceTree = "<group>";
		};
		BDB5F7BF2191FFFC0092BEDF /* View Object */ = {
			isa = PBXGroup;
			children = (
				BD3635F7218A387B00E4A6EA /* QuestionsCategoryViewObject.swift */,
			);
			name = "View Object";
			sourceTree = "<group>";
		};
		BDB5F7C02192000E0092BEDF /* Questions Historic */ = {
			isa = PBXGroup;
			children = (
				BD3635E2218A19FF00E4A6EA /* QuestionsHistoricInteractor.swift */,
				BDB5F7BB2191FFD10092BEDF /* Router */,
				BDB5F7BC2191FFD60092BEDF /* Interactor */,
				BDB5F7BD2191FFDB0092BEDF /* Presenter */,
				BDB5F7BE2191FFF60092BEDF /* View */,
			);
			name = "Questions Historic";
			path = ../../..;
			sourceTree = "<group>";
		};
		BDB7C53721823724009A8206 /* Day Summary View */ = {
			isa = PBXGroup;
			children = (
				BDE468322180F777002BDE93 /* DaySummaryProtocols.swift */,
				BDE468402180F954002BDE93 /* Router */,
				BDE4683C2180F924002BDE93 /* Interactor */,
				BDE468382180F8FE002BDE93 /* Presenter */,
				BDE468312180F709002BDE93 /* View */,
			);
			path = "Day Summary View";
			sourceTree = "<group>";
		};
		BDD81C462193417300880601 /* Profile */ = {
			isa = PBXGroup;
			children = (
				BDD81C3D2193416F00880601 /* ProfileProtocols.swift */,
				BDD81C482193418700880601 /* Router */,
				BDD81C4A219341A000880601 /* Interactor */,
				BDD81C472193418200880601 /* Presenter */,
				BDD81C492193419700880601 /* View */,
			);
			path = Profile;
			sourceTree = "<group>";
		};
		BDD81C472193418200880601 /* Presenter */ = {
			isa = PBXGroup;
			children = (
				BDD81C3B2193416F00880601 /* ProfilePresenter.swift */,
			);
			path = Presenter;
			sourceTree = "<group>";
		};
		BDD81C482193418700880601 /* Router */ = {
			isa = PBXGroup;
			children = (
				BDD81C3C2193416F00880601 /* ProfileRouter.swift */,
			);
			path = Router;
			sourceTree = "<group>";
		};
		BDD81C492193419700880601 /* View */ = {
			isa = PBXGroup;
			children = (
				BDD81C3A2193416F00880601 /* Profile.storyboard */,
				BDD81C3F2193416F00880601 /* ProfileView.swift */,
			);
			path = View;
			sourceTree = "<group>";
		};
		BDD81C4A219341A000880601 /* Interactor */ = {
			isa = PBXGroup;
			children = (
				BDD81C3E2193416F00880601 /* ProfileInteractor.swift */,
			);
			path = Interactor;
			sourceTree = "<group>";
		};
		BDE468312180F709002BDE93 /* View */ = {
			isa = PBXGroup;
			children = (
				BD290C53216E9DA4001F16EA /* DailySummaryViewController.swift */,
				BD290C51216E9764001F16EA /* DaySummaryTableViewController.swift */,
				49AE2B2C2163DF1900055136 /* CalendarViewController.swift */,
				494AABC7217E39500090D4E6 /* MonthCollectionViewController.swift */,
				BD3E3C5021838E7800539ADB /* Storyboards */,
				BDE468412180F9DD002BDE93 /* Views */,
			);
			path = View;
			sourceTree = "<group>";
		};
		BDE468382180F8FE002BDE93 /* Presenter */ = {
			isa = PBXGroup;
			children = (
				BDE468352180F8CF002BDE93 /* DaySummaryPresenter.swift */,
			);
			path = Presenter;
			sourceTree = "<group>";
		};
		BDE4683C2180F924002BDE93 /* Interactor */ = {
			isa = PBXGroup;
			children = (
				BDE468392180F91E002BDE93 /* DaySummaryInteractor.swift */,
			);
			path = Interactor;
			sourceTree = "<group>";
		};
		BDE468402180F954002BDE93 /* Router */ = {
			isa = PBXGroup;
			children = (
				BDE4683D2180F94B002BDE93 /* DaySummaryRouter.swift */,
			);
			path = Router;
			sourceTree = "<group>";
		};
		BDE468412180F9DD002BDE93 /* Views */ = {
			isa = PBXGroup;
			children = (
				494AABC9217E39EB0090D4E6 /* MonthCollectionViewCell.swift */,
				4943FDD921669EFB00FE2045 /* MonthUICollectionViewFlowLayout.swift */,
				BD290C6321752918001F16EA /* AnswerTableViewCell.swift */,
				BD290C6621752978001F16EA /* MoodInputTableViewCell.swift */,
				BDA84B8F217657D500F75D05 /* InsertTableViewCell.swift */,
			);
			path = Views;
			sourceTree = "<group>";
		};
		F84F77F27EDB0EC1035497DF /* Frameworks */ = {
			isa = PBXGroup;
			children = (
				C58FAB0F5CF029BA433B64C5 /* Pods_FinalChallenge.framework */,
				7235B64486FAA02A01091F47 /* Pods_FinalChallengeTests.framework */,
			);
			name = Frameworks;
			sourceTree = "<group>";
		};
/* End PBXGroup section */

/* Begin PBXNativeTarget section */
		49AE2B142163DD4F00055136 /* FinalChallenge */ = {
			isa = PBXNativeTarget;
			buildConfigurationList = 49AE2B272163DD5200055136 /* Build configuration list for PBXNativeTarget "FinalChallenge" */;
			buildPhases = (
				4FF631A1D9ADE272EB47635C /* [CP] Check Pods Manifest.lock */,
				49AE2B112163DD4F00055136 /* Sources */,
				49AE2B122163DD4F00055136 /* Frameworks */,
				49AE2B132163DD4F00055136 /* Resources */,
				459BB046217674CF0065630F /* ShellScript */,
				0FB95A037A88AA29005B8E95 /* [CP] Embed Pods Frameworks */,
			);
			buildRules = (
			);
			dependencies = (
			);
			name = FinalChallenge;
			productName = FinalChallenge;
			productReference = 49AE2B152163DD4F00055136 /* FinalChallenge.app */;
			productType = "com.apple.product-type.application";
		};
		BD974A492167F01800612838 /* FinalChallengeTests */ = {
			isa = PBXNativeTarget;
			buildConfigurationList = BD974A512167F01800612838 /* Build configuration list for PBXNativeTarget "FinalChallengeTests" */;
			buildPhases = (
				7CC117D16B183E412BD13F1E /* [CP] Check Pods Manifest.lock */,
				BD974A462167F01800612838 /* Sources */,
				BD974A472167F01800612838 /* Frameworks */,
				BD974A482167F01800612838 /* Resources */,
			);
			buildRules = (
			);
			dependencies = (
				BD974A502167F01800612838 /* PBXTargetDependency */,
			);
			name = FinalChallengeTests;
			productName = FinalChallengeTests;
			productReference = BD974A4A2167F01800612838 /* FinalChallengeTests.xctest */;
			productType = "com.apple.product-type.bundle.unit-test";
		};
/* End PBXNativeTarget section */

/* Begin PBXProject section */
		49AE2B0D2163DD4F00055136 /* Project object */ = {
			isa = PBXProject;
			attributes = {
				LastSwiftUpdateCheck = 1000;
				LastUpgradeCheck = 1000;
				ORGANIZATIONNAME = "Osniel Lopes Teixeira";
				TargetAttributes = {
					49AE2B142163DD4F00055136 = {
						CreatedOnToolsVersion = 10.0;
					};
					BD974A492167F01800612838 = {
						CreatedOnToolsVersion = 10.0;
						TestTargetID = 49AE2B142163DD4F00055136;
					};
				};
			};
			buildConfigurationList = 49AE2B102163DD4F00055136 /* Build configuration list for PBXProject "FinalChallenge" */;
			compatibilityVersion = "Xcode 9.3";
			developmentRegion = en;
			hasScannedForEncodings = 0;
			knownRegions = (
				en,
				Base,
				"pt-BR",
			);
			mainGroup = 49AE2B0C2163DD4F00055136;
			productRefGroup = 49AE2B162163DD4F00055136 /* Products */;
			projectDirPath = "";
			projectRoot = "";
			targets = (
				49AE2B142163DD4F00055136 /* FinalChallenge */,
				BD974A492167F01800612838 /* FinalChallengeTests */,
			);
		};
/* End PBXProject section */

/* Begin PBXResourcesBuildPhase section */
		49AE2B132163DD4F00055136 /* Resources */ = {
			isa = PBXResourcesBuildPhase;
			buildActionMask = 2147483647;
			files = (
				BD290C50216E9613001F16EA /* DailySummary.storyboard in Resources */,
				BD3635F1218A1DC000E4A6EA /* QuestionsHistoricHeader.xib in Resources */,
				458F8FEE2190A1E6009F31A8 /* AnswerQuestion.storyboard in Resources */,
				4539540D21766DBF00CF71EC /* DailyQuestion.storyboard in Resources */,
				BD3635E4218A19FF00E4A6EA /* QuestionsHistoric.storyboard in Resources */,
				450ED4CB2177D85300195CAE /* Localizable.strings in Resources */,
				49AE2B232163DD5200055136 /* LaunchScreen.storyboard in Resources */,
				BD3E3C752187804100539ADB /* Main.storyboard in Resources */,
				BDE4682F2180F6DD002BDE93 /* DaySummary.storyboard in Resources */,
				451A7520216D3E7600CA0760 /* Assets.xcassets in Resources */,
				BD4E0E7B2179159700DEA2F5 /* Breathing.storyboard in Resources */,
				BD4E0E7D2179192100DEA2F5 /* giphy.gif in Resources */,
				BDD81C402193416F00880601 /* Profile.storyboard in Resources */,
				BDAF3AC1218B82D900EFD2A9 /* QuestionAnswers.storyboard in Resources */,
				49AE2B1E2163DD4F00055136 /* OnlyCalendar.storyboard in Resources */,
			);
			runOnlyForDeploymentPostprocessing = 0;
		};
		BD974A482167F01800612838 /* Resources */ = {
			isa = PBXResourcesBuildPhase;
			buildActionMask = 2147483647;
			files = (
			);
			runOnlyForDeploymentPostprocessing = 0;
		};
/* End PBXResourcesBuildPhase section */

/* Begin PBXShellScriptBuildPhase section */
		0FB95A037A88AA29005B8E95 /* [CP] Embed Pods Frameworks */ = {
			isa = PBXShellScriptBuildPhase;
			buildActionMask = 2147483647;
			files = (
			);
			inputFileListPaths = (
			);
			inputPaths = (
				"${SRCROOT}/Pods/Target Support Files/Pods-FinalChallenge/Pods-FinalChallenge-frameworks.sh",
				"${BUILT_PRODUCTS_DIR}/Hero/Hero.framework",
			);
			name = "[CP] Embed Pods Frameworks";
			outputFileListPaths = (
			);
			outputPaths = (
				"${TARGET_BUILD_DIR}/${FRAMEWORKS_FOLDER_PATH}/Hero.framework",
			);
			runOnlyForDeploymentPostprocessing = 0;
			shellPath = /bin/sh;
			shellScript = "\"${SRCROOT}/Pods/Target Support Files/Pods-FinalChallenge/Pods-FinalChallenge-frameworks.sh\"\n";
			showEnvVarsInLog = 0;
		};
		459BB046217674CF0065630F /* ShellScript */ = {
			isa = PBXShellScriptBuildPhase;
			buildActionMask = 2147483647;
			files = (
			);
			inputFileListPaths = (
			);
			inputPaths = (
				"$(BUILT_PRODUCTS_DIR)/$(INFOPLIST_PATH)",
			);
			outputFileListPaths = (
			);
			outputPaths = (
			);
			runOnlyForDeploymentPostprocessing = 0;
			shellPath = /bin/sh;
			shellScript = "\"${PODS_ROOT}/Fabric/run\" 2d1f7f2a6367f90bb086af676ad75af44bc3546f 6b99c47a6bf1489cc9096c621d2a63171b8bccc4aaae022d1ab8f29bb821eddf\n";
		};
		4FF631A1D9ADE272EB47635C /* [CP] Check Pods Manifest.lock */ = {
			isa = PBXShellScriptBuildPhase;
			buildActionMask = 2147483647;
			files = (
			);
			inputFileListPaths = (
			);
			inputPaths = (
				"${PODS_PODFILE_DIR_PATH}/Podfile.lock",
				"${PODS_ROOT}/Manifest.lock",
			);
			name = "[CP] Check Pods Manifest.lock";
			outputFileListPaths = (
			);
			outputPaths = (
				"$(DERIVED_FILE_DIR)/Pods-FinalChallenge-checkManifestLockResult.txt",
			);
			runOnlyForDeploymentPostprocessing = 0;
			shellPath = /bin/sh;
			shellScript = "diff \"${PODS_PODFILE_DIR_PATH}/Podfile.lock\" \"${PODS_ROOT}/Manifest.lock\" > /dev/null\nif [ $? != 0 ] ; then\n    # print error to STDERR\n    echo \"error: The sandbox is not in sync with the Podfile.lock. Run 'pod install' or update your CocoaPods installation.\" >&2\n    exit 1\nfi\n# This output is used by Xcode 'outputs' to avoid re-running this script phase.\necho \"SUCCESS\" > \"${SCRIPT_OUTPUT_FILE_0}\"\n";
			showEnvVarsInLog = 0;
		};
		7CC117D16B183E412BD13F1E /* [CP] Check Pods Manifest.lock */ = {
			isa = PBXShellScriptBuildPhase;
			buildActionMask = 2147483647;
			files = (
			);
			inputFileListPaths = (
			);
			inputPaths = (
				"${PODS_PODFILE_DIR_PATH}/Podfile.lock",
				"${PODS_ROOT}/Manifest.lock",
			);
			name = "[CP] Check Pods Manifest.lock";
			outputFileListPaths = (
			);
			outputPaths = (
				"$(DERIVED_FILE_DIR)/Pods-FinalChallengeTests-checkManifestLockResult.txt",
			);
			runOnlyForDeploymentPostprocessing = 0;
			shellPath = /bin/sh;
			shellScript = "diff \"${PODS_PODFILE_DIR_PATH}/Podfile.lock\" \"${PODS_ROOT}/Manifest.lock\" > /dev/null\nif [ $? != 0 ] ; then\n    # print error to STDERR\n    echo \"error: The sandbox is not in sync with the Podfile.lock. Run 'pod install' or update your CocoaPods installation.\" >&2\n    exit 1\nfi\n# This output is used by Xcode 'outputs' to avoid re-running this script phase.\necho \"SUCCESS\" > \"${SCRIPT_OUTPUT_FILE_0}\"\n";
			showEnvVarsInLog = 0;
		};
/* End PBXShellScriptBuildPhase section */

/* Begin PBXSourcesBuildPhase section */
		49AE2B112163DD4F00055136 /* Sources */ = {
			isa = PBXSourcesBuildPhase;
			buildActionMask = 2147483647;
			files = (
				BDD81C422193416F00880601 /* ProfileRouter.swift in Sources */,
				BD974A452167DE4F00612838 /* CheckboxQuestionDAO.swift in Sources */,
				BDAF3AC2218B82D900EFD2A9 /* QuestionAnswersPresenter.swift in Sources */,
				BD3E3C7F2187812900539ADB /* MainView.swift in Sources */,
				BD290C10216BE6EF001F16EA /* RadioboxQuestion+CoreDataClass.swift in Sources */,
				BD3E3C782187804100539ADB /* MainProtocols.swift in Sources */,
				491511F1216FC045007C0E09 /* RoundedUIButton.swift in Sources */,
				453953F921766D0F00CF71EC /* DailyQuestionInteractor.swift in Sources */,
				BD290C42216D2FDD001F16EA /* AnswerDAO.swift in Sources */,
				BD290C4A216D352D001F16EA /* MoodDAO.swift in Sources */,
				BD3635F3218A1E3400E4A6EA /* QuestionsHistoricHeaderView.swift in Sources */,
				453953F821766D0F00CF71EC /* DailyQuestionProtocols.swift in Sources */,
				BD3635E6218A19FF00E4A6EA /* QuestionsHistoricRouter.swift in Sources */,
				BD290C22216BE6EF001F16EA /* Category+CoreDataProperties.swift in Sources */,
				BD974A752167F4F700612838 /* CategoryDAO.swift in Sources */,
				450ED4C52177ABA700195CAE /* Constants.swift in Sources */,
				BD290C44216D3085001F16EA /* DissertationAnswersDAO.swift in Sources */,
				BD290C48216D33C6001F16EA /* RadioboxAnswerDAO.swift in Sources */,
				BD4E0E8321791A1500DEA2F5 /* BreathingViewController.swift in Sources */,
				BD290C2E216D15E0001F16EA /* RadioboxQuestionDAO.swift in Sources */,
				BD3635E8218A19FF00E4A6EA /* QuestionsHistoricInteractor.swift in Sources */,
				BDE4683A2180F91E002BDE93 /* DaySummaryInteractor.swift in Sources */,
				BD3E3C5C2183AE0900539ADB /* BreathingProtocols.swift in Sources */,
				BD3E3C5B2183AE0900539ADB /* BreathingRouter.swift in Sources */,
				BDAF3ACE218B998800EFD2A9 /* AnswerCell.swift in Sources */,
				BD290C37216D1B60001F16EA /* AuthorDAO.swift in Sources */,
				494AABC8217E39500090D4E6 /* MonthCollectionViewController.swift in Sources */,
				BDE468362180F8CF002BDE93 /* DaySummaryPresenter.swift in Sources */,
				BD4E0E802179197A00DEA2F5 /* FunnyGif.swift in Sources */,
				BDD81C432193416F00880601 /* ProfileProtocols.swift in Sources */,
				BD290C08216BE6EF001F16EA /* CheckboxQuestion+CoreDataClass.swift in Sources */,
				BD974A3721654E3800612838 /* DataAccessError.swift in Sources */,
				BD3635F6218A204700E4A6EA /* QuestionsHistoricCell.swift in Sources */,
				BDAF3AC4218B82D900EFD2A9 /* QuestionAnswersProtocols.swift in Sources */,
				BD290C16216BE6EF001F16EA /* DissertationQuestion+CoreDataProperties.swift in Sources */,
				BD290BFC216BE6EF001F16EA /* MoodInput+CoreDataClass.swift in Sources */,
				BD290C00216BE6EF001F16EA /* Author+CoreDataClass.swift in Sources */,
				BDE4683E2180F94B002BDE93 /* DaySummaryRouter.swift in Sources */,
				4539540921766DBF00CF71EC /* DailyQuestionCollectionViewCell.swift in Sources */,
				BD290BFE216BE6EF001F16EA /* MoodInput+CoreDataProperties.swift in Sources */,
				BDE468332180F777002BDE93 /* DaySummaryProtocols.swift in Sources */,
				BD290BFA216BE6EF001F16EA /* CheckboxAnswer+CoreDataProperties.swift in Sources */,
				453953F721766D0F00CF71EC /* DailyQuestionRouter.swift in Sources */,
				BD290C1C216BE6EF001F16EA /* DissertationAnswer+CoreDataClass.swift in Sources */,
				BDAF3AC5218B82D900EFD2A9 /* QuestionAnswersInteractor.swift in Sources */,
				BD290C06216BE6EF001F16EA /* RadioboxAnswer+CoreDataProperties.swift in Sources */,
				BD3635E7218A19FF00E4A6EA /* QuestionsHistoricProtocols.swift in Sources */,
				BD3635E5218A19FF00E4A6EA /* QuestionsHistoricPresenter.swift in Sources */,
				458F8FF22190A1E6009F31A8 /* AnswerQuestionInteractor.swift in Sources */,
				453953F621766D0F00CF71EC /* DailyQuestionPresenter.swift in Sources */,
				BD3E3C772187804100539ADB /* MainRouter.swift in Sources */,
				BD3E3C2721824B8A00539ADB /* CoreDataManager.swift in Sources */,
				BD9749F42163E4E200612838 /* FinalChallengeDatabase.xcdatamodeld in Sources */,
				BD290C20216BE6EF001F16EA /* Category+CoreDataClass.swift in Sources */,
				BD3E3C762187804100539ADB /* MainPresenter.swift in Sources */,
				453953FA21766D0F00CF71EC /* DailyQuestionView.swift in Sources */,
				BD3E3C5A2183AE0900539ADB /* BreathingPresenter.swift in Sources */,
				BD290C18216BE6EF001F16EA /* MoodType+CoreDataClass.swift in Sources */,
				BD290C26216BE6EF001F16EA /* Question+CoreDataProperties.swift in Sources */,
				458F8FEF2190A1E6009F31A8 /* AnswerQuestionPresenter.swift in Sources */,
				458F8FF32190A1E6009F31A8 /* AnswerQuestionView.swift in Sources */,
				BD290C02216BE6EF001F16EA /* Author+CoreDataProperties.swift in Sources */,
				4539541421766E6A00CF71EC /* CenterAndZoomFlowLayout.swift in Sources */,
				BD290C0E216BE6EF001F16EA /* Answer+CoreDataProperties.swift in Sources */,
				BDD81C452193416F00880601 /* ProfileView.swift in Sources */,
				BD290C1E216BE6EF001F16EA /* DissertationAnswer+CoreDataProperties.swift in Sources */,
				BD290C46216D32E3001F16EA /* CheckboxAnswer.swift in Sources */,
				BD290C24216BE6EF001F16EA /* Question+CoreDataClass.swift in Sources */,
				BD290C0A216BE6EF001F16EA /* CheckboxQuestion+CoreDataProperties.swift in Sources */,
				BD290C54216E9DA4001F16EA /* DailySummaryViewController.swift in Sources */,
				BD290C6721752978001F16EA /* MoodInputTableViewCell.swift in Sources */,
				BDD81C412193416F00880601 /* ProfilePresenter.swift in Sources */,
				BD290C12216BE6EF001F16EA /* RadioboxQuestion+CoreDataProperties.swift in Sources */,
				BD290C14216BE6EF001F16EA /* DissertationQuestion+CoreDataClass.swift in Sources */,
				BD3635E9218A19FF00E4A6EA /* QuestionsHistoricView.swift in Sources */,
				458F8FF12190A1E6009F31A8 /* AnswerQuestionProtocols.swift in Sources */,
				BD290C0C216BE6EF001F16EA /* Answer+CoreDataClass.swift in Sources */,
				BDD81C442193416F00880601 /* ProfileInteractor.swift in Sources */,
				BD974A39216681F200612838 /* QuestionDAO.swift in Sources */,
				BD974A3F2167CDF900612838 /* DissertativeQuestionDAO.swift in Sources */,
				458F8FF02190A1E6009F31A8 /* AnswerQuestionRouter.swift in Sources */,
				BD290C04216BE6EF001F16EA /* RadioboxAnswer+CoreDataClass.swift in Sources */,
				BD290BF8216BE6EF001F16EA /* CheckboxAnswer+CoreDataClass.swift in Sources */,
				491511EF216FBFF6007C0E09 /* UIView+Extension.swift in Sources */,
				BD3635F8218A387B00E4A6EA /* QuestionsCategoryViewObject.swift in Sources */,
				BD290C52216E9764001F16EA /* DaySummaryTableViewController.swift in Sources */,
				4539541521766E6A00CF71EC /* BaseRoundedCardCollectionViewCell.swift in Sources */,
				BD290C6421752919001F16EA /* AnswerTableViewCell.swift in Sources */,
				BDAF3AC6218B82D900EFD2A9 /* QuestionAnswersView.swift in Sources */,
				4943FDD82165355600FE2045 /* (null) in Sources */,
				BD3E3C2621824B8A00539ADB /* QuestionsManager.swift in Sources */,
				BDA84B90217657D500F75D05 /* InsertTableViewCell.swift in Sources */,
				49AE2B2D2163DF1900055136 /* CalendarViewController.swift in Sources */,
				BDAF3AC3218B82D900EFD2A9 /* QuestionAnswersRouter.swift in Sources */,
				BDAF3ACC218B87C000EFD2A9 /* QuestionTextCell.swift in Sources */,
				4943FDDA21669EFB00FE2045 /* MonthUICollectionViewFlowLayout.swift in Sources */,
				49AE2B192163DD4F00055136 /* AppDelegate.swift in Sources */,
				BD290C1A216BE6EF001F16EA /* MoodType+CoreDataProperties.swift in Sources */,
				494AABCA217E39EB0090D4E6 /* MonthCollectionViewCell.swift in Sources */,
			);
			runOnlyForDeploymentPostprocessing = 0;
		};
		BD974A462167F01800612838 /* Sources */ = {
			isa = PBXSourcesBuildPhase;
			buildActionMask = 2147483647;
			files = (
				BD974A7A2167F89400612838 /* CategoryDAO.swift in Sources */,
				BD290C2A216BEFFD001F16EA /* CheckboxQuestionDAOTests.swift in Sources */,
				BD974A552167F03B00612838 /* DissertativeQuestionDAOTests.swift in Sources */,
				BD290C35216D1A90001F16EA /* AuthorDAOTests.swift in Sources */,
				BD974A792167F86900612838 /* CategoryDAOTests.swift in Sources */,
				BD290C2C216BF569001F16EA /* QuestionsDAOTests.swift in Sources */,
				BD290C31216D17F6001F16EA /* RadioboxQuestionDAOTests.swift in Sources */,
			);
			runOnlyForDeploymentPostprocessing = 0;
		};
/* End PBXSourcesBuildPhase section */

/* Begin PBXTargetDependency section */
		BD974A502167F01800612838 /* PBXTargetDependency */ = {
			isa = PBXTargetDependency;
			target = 49AE2B142163DD4F00055136 /* FinalChallenge */;
			targetProxy = BD974A4F2167F01800612838 /* PBXContainerItemProxy */;
		};
/* End PBXTargetDependency section */

/* Begin PBXVariantGroup section */
		450ED4CD2177D85300195CAE /* Localizable.strings */ = {
			isa = PBXVariantGroup;
			children = (
				450ED4CC2177D85300195CAE /* en */,
				450ED4CE2177D85400195CAE /* pt-BR */,
			);
			name = Localizable.strings;
			sourceTree = "<group>";
		};
		49AE2B1C2163DD4F00055136 /* OnlyCalendar.storyboard */ = {
			isa = PBXVariantGroup;
			children = (
				49AE2B1D2163DD4F00055136 /* Base */,
				450ED4C72177D7D700195CAE /* pt-BR */,
			);
			name = OnlyCalendar.storyboard;
			sourceTree = "<group>";
		};
		49AE2B212163DD5200055136 /* LaunchScreen.storyboard */ = {
			isa = PBXVariantGroup;
			children = (
				49AE2B222163DD5200055136 /* Base */,
				450ED4C62177D7D700195CAE /* pt-BR */,
			);
			name = LaunchScreen.storyboard;
			sourceTree = "<group>";
		};
/* End PBXVariantGroup section */

/* Begin XCBuildConfiguration section */
		49AE2B252163DD5200055136 /* Debug */ = {
			isa = XCBuildConfiguration;
			buildSettings = {
				ALWAYS_SEARCH_USER_PATHS = NO;
				CLANG_ANALYZER_LOCALIZABILITY_NONLOCALIZED = YES;
				CLANG_ANALYZER_NONNULL = YES;
				CLANG_ANALYZER_NUMBER_OBJECT_CONVERSION = YES_AGGRESSIVE;
				CLANG_CXX_LANGUAGE_STANDARD = "gnu++14";
				CLANG_CXX_LIBRARY = "libc++";
				CLANG_ENABLE_MODULES = YES;
				CLANG_ENABLE_OBJC_ARC = YES;
				CLANG_ENABLE_OBJC_WEAK = YES;
				CLANG_WARN_BLOCK_CAPTURE_AUTORELEASING = YES;
				CLANG_WARN_BOOL_CONVERSION = YES;
				CLANG_WARN_COMMA = YES;
				CLANG_WARN_CONSTANT_CONVERSION = YES;
				CLANG_WARN_DEPRECATED_OBJC_IMPLEMENTATIONS = YES;
				CLANG_WARN_DIRECT_OBJC_ISA_USAGE = YES_ERROR;
				CLANG_WARN_DOCUMENTATION_COMMENTS = YES;
				CLANG_WARN_EMPTY_BODY = YES;
				CLANG_WARN_ENUM_CONVERSION = YES;
				CLANG_WARN_INFINITE_RECURSION = YES;
				CLANG_WARN_INT_CONVERSION = YES;
				CLANG_WARN_NON_LITERAL_NULL_CONVERSION = YES;
				CLANG_WARN_OBJC_IMPLICIT_RETAIN_SELF = YES;
				CLANG_WARN_OBJC_LITERAL_CONVERSION = YES;
				CLANG_WARN_OBJC_ROOT_CLASS = YES_ERROR;
				CLANG_WARN_RANGE_LOOP_ANALYSIS = YES;
				CLANG_WARN_STRICT_PROTOTYPES = YES;
				CLANG_WARN_SUSPICIOUS_MOVE = YES;
				CLANG_WARN_UNGUARDED_AVAILABILITY = YES_AGGRESSIVE;
				CLANG_WARN_UNREACHABLE_CODE = YES;
				CLANG_WARN__DUPLICATE_METHOD_MATCH = YES;
				CODE_SIGN_IDENTITY = "iPhone Developer";
				COPY_PHASE_STRIP = NO;
				DEBUG_INFORMATION_FORMAT = dwarf;
				ENABLE_STRICT_OBJC_MSGSEND = YES;
				ENABLE_TESTABILITY = YES;
				GCC_C_LANGUAGE_STANDARD = gnu11;
				GCC_DYNAMIC_NO_PIC = NO;
				GCC_NO_COMMON_BLOCKS = YES;
				GCC_OPTIMIZATION_LEVEL = 0;
				GCC_PREPROCESSOR_DEFINITIONS = (
					"DEBUG=1",
					"$(inherited)",
				);
				GCC_WARN_64_TO_32_BIT_CONVERSION = YES;
				GCC_WARN_ABOUT_RETURN_TYPE = YES_ERROR;
				GCC_WARN_UNDECLARED_SELECTOR = YES;
				GCC_WARN_UNINITIALIZED_AUTOS = YES_AGGRESSIVE;
				GCC_WARN_UNUSED_FUNCTION = YES;
				GCC_WARN_UNUSED_VARIABLE = YES;
				IPHONEOS_DEPLOYMENT_TARGET = 12.0;
				MTL_ENABLE_DEBUG_INFO = INCLUDE_SOURCE;
				MTL_FAST_MATH = YES;
				ONLY_ACTIVE_ARCH = YES;
				SDKROOT = iphoneos;
				SWIFT_ACTIVE_COMPILATION_CONDITIONS = DEBUG;
				SWIFT_OPTIMIZATION_LEVEL = "-Onone";
			};
			name = Debug;
		};
		49AE2B262163DD5200055136 /* Release */ = {
			isa = XCBuildConfiguration;
			buildSettings = {
				ALWAYS_SEARCH_USER_PATHS = NO;
				CLANG_ANALYZER_LOCALIZABILITY_NONLOCALIZED = YES;
				CLANG_ANALYZER_NONNULL = YES;
				CLANG_ANALYZER_NUMBER_OBJECT_CONVERSION = YES_AGGRESSIVE;
				CLANG_CXX_LANGUAGE_STANDARD = "gnu++14";
				CLANG_CXX_LIBRARY = "libc++";
				CLANG_ENABLE_MODULES = YES;
				CLANG_ENABLE_OBJC_ARC = YES;
				CLANG_ENABLE_OBJC_WEAK = YES;
				CLANG_WARN_BLOCK_CAPTURE_AUTORELEASING = YES;
				CLANG_WARN_BOOL_CONVERSION = YES;
				CLANG_WARN_COMMA = YES;
				CLANG_WARN_CONSTANT_CONVERSION = YES;
				CLANG_WARN_DEPRECATED_OBJC_IMPLEMENTATIONS = YES;
				CLANG_WARN_DIRECT_OBJC_ISA_USAGE = YES_ERROR;
				CLANG_WARN_DOCUMENTATION_COMMENTS = YES;
				CLANG_WARN_EMPTY_BODY = YES;
				CLANG_WARN_ENUM_CONVERSION = YES;
				CLANG_WARN_INFINITE_RECURSION = YES;
				CLANG_WARN_INT_CONVERSION = YES;
				CLANG_WARN_NON_LITERAL_NULL_CONVERSION = YES;
				CLANG_WARN_OBJC_IMPLICIT_RETAIN_SELF = YES;
				CLANG_WARN_OBJC_LITERAL_CONVERSION = YES;
				CLANG_WARN_OBJC_ROOT_CLASS = YES_ERROR;
				CLANG_WARN_RANGE_LOOP_ANALYSIS = YES;
				CLANG_WARN_STRICT_PROTOTYPES = YES;
				CLANG_WARN_SUSPICIOUS_MOVE = YES;
				CLANG_WARN_UNGUARDED_AVAILABILITY = YES_AGGRESSIVE;
				CLANG_WARN_UNREACHABLE_CODE = YES;
				CLANG_WARN__DUPLICATE_METHOD_MATCH = YES;
				CODE_SIGN_IDENTITY = "iPhone Developer";
				COPY_PHASE_STRIP = NO;
				DEBUG_INFORMATION_FORMAT = "dwarf-with-dsym";
				ENABLE_NS_ASSERTIONS = NO;
				ENABLE_STRICT_OBJC_MSGSEND = YES;
				GCC_C_LANGUAGE_STANDARD = gnu11;
				GCC_NO_COMMON_BLOCKS = YES;
				GCC_WARN_64_TO_32_BIT_CONVERSION = YES;
				GCC_WARN_ABOUT_RETURN_TYPE = YES_ERROR;
				GCC_WARN_UNDECLARED_SELECTOR = YES;
				GCC_WARN_UNINITIALIZED_AUTOS = YES_AGGRESSIVE;
				GCC_WARN_UNUSED_FUNCTION = YES;
				GCC_WARN_UNUSED_VARIABLE = YES;
				IPHONEOS_DEPLOYMENT_TARGET = 12.0;
				MTL_ENABLE_DEBUG_INFO = NO;
				MTL_FAST_MATH = YES;
				SDKROOT = iphoneos;
				SWIFT_COMPILATION_MODE = wholemodule;
				SWIFT_OPTIMIZATION_LEVEL = "-O";
				VALIDATE_PRODUCT = YES;
			};
			name = Release;
		};
		49AE2B282163DD5200055136 /* Debug */ = {
			isa = XCBuildConfiguration;
			baseConfigurationReference = D5F6C0D3FE9A09DAE3E9ADCF /* Pods-FinalChallenge.debug.xcconfig */;
			buildSettings = {
				ASSETCATALOG_COMPILER_APPICON_NAME = AppIcon;
				CODE_SIGN_STYLE = Automatic;
				DEBUG_INFORMATION_FORMAT = "dwarf-with-dsym";
				DEVELOPMENT_TEAM = VLLH384AC4;
				INFOPLIST_FILE = FinalChallenge/Resources/Info.plist;
				LD_RUNPATH_SEARCH_PATHS = (
					"$(inherited)",
					"@executable_path/Frameworks",
				);
				PRODUCT_BUNDLE_IDENTIFIER = com.br.mackmobile.FinalChallenge;
				PRODUCT_NAME = "$(TARGET_NAME)";
				SWIFT_VERSION = 4.2;
				TARGETED_DEVICE_FAMILY = 1;
			};
			name = Debug;
		};
		49AE2B292163DD5200055136 /* Release */ = {
			isa = XCBuildConfiguration;
			baseConfigurationReference = BBE46AC79888A3658A26CABE /* Pods-FinalChallenge.release.xcconfig */;
			buildSettings = {
				ASSETCATALOG_COMPILER_APPICON_NAME = AppIcon;
				CODE_SIGN_STYLE = Automatic;
				DEVELOPMENT_TEAM = VLLH384AC4;
				INFOPLIST_FILE = FinalChallenge/Resources/Info.plist;
				LD_RUNPATH_SEARCH_PATHS = (
					"$(inherited)",
					"@executable_path/Frameworks",
				);
				PRODUCT_BUNDLE_IDENTIFIER = com.br.mackmobile.FinalChallenge;
				PRODUCT_NAME = "$(TARGET_NAME)";
				SWIFT_VERSION = 4.2;
				TARGETED_DEVICE_FAMILY = 1;
			};
			name = Release;
		};
		BD974A522167F01800612838 /* Debug */ = {
			isa = XCBuildConfiguration;
			baseConfigurationReference = 6DDAC83CB4181DD96AB7A321 /* Pods-FinalChallengeTests.debug.xcconfig */;
			buildSettings = {
				BUNDLE_LOADER = "$(TEST_HOST)";
				CODE_SIGN_STYLE = Automatic;
				DEVELOPMENT_TEAM = 53BLZ9DZN8;
				INFOPLIST_FILE = FinalChallengeTests/Info.plist;
				LD_RUNPATH_SEARCH_PATHS = (
					"$(inherited)",
					"@executable_path/Frameworks",
					"@loader_path/Frameworks",
				);
				PRODUCT_BUNDLE_IDENTIFIER = br.mackmobile.Paciulli.FinalChallengeTests;
				PRODUCT_NAME = "$(TARGET_NAME)";
				SWIFT_VERSION = 4.2;
				TARGETED_DEVICE_FAMILY = "1,2";
				TEST_HOST = "$(BUILT_PRODUCTS_DIR)/FinalChallenge.app/FinalChallenge";
			};
			name = Debug;
		};
		BD974A532167F01800612838 /* Release */ = {
			isa = XCBuildConfiguration;
			baseConfigurationReference = 1CE024013127B10F73C6BDFA /* Pods-FinalChallengeTests.release.xcconfig */;
			buildSettings = {
				BUNDLE_LOADER = "$(TEST_HOST)";
				CODE_SIGN_STYLE = Automatic;
				DEVELOPMENT_TEAM = 53BLZ9DZN8;
				INFOPLIST_FILE = FinalChallengeTests/Info.plist;
				LD_RUNPATH_SEARCH_PATHS = (
					"$(inherited)",
					"@executable_path/Frameworks",
					"@loader_path/Frameworks",
				);
				PRODUCT_BUNDLE_IDENTIFIER = br.mackmobile.Paciulli.FinalChallengeTests;
				PRODUCT_NAME = "$(TARGET_NAME)";
				SWIFT_VERSION = 4.2;
				TARGETED_DEVICE_FAMILY = "1,2";
				TEST_HOST = "$(BUILT_PRODUCTS_DIR)/FinalChallenge.app/FinalChallenge";
			};
			name = Release;
		};
/* End XCBuildConfiguration section */

/* Begin XCConfigurationList section */
		49AE2B102163DD4F00055136 /* Build configuration list for PBXProject "FinalChallenge" */ = {
			isa = XCConfigurationList;
			buildConfigurations = (
				49AE2B252163DD5200055136 /* Debug */,
				49AE2B262163DD5200055136 /* Release */,
			);
			defaultConfigurationIsVisible = 0;
			defaultConfigurationName = Release;
		};
		49AE2B272163DD5200055136 /* Build configuration list for PBXNativeTarget "FinalChallenge" */ = {
			isa = XCConfigurationList;
			buildConfigurations = (
				49AE2B282163DD5200055136 /* Debug */,
				49AE2B292163DD5200055136 /* Release */,
			);
			defaultConfigurationIsVisible = 0;
			defaultConfigurationName = Release;
		};
		BD974A512167F01800612838 /* Build configuration list for PBXNativeTarget "FinalChallengeTests" */ = {
			isa = XCConfigurationList;
			buildConfigurations = (
				BD974A522167F01800612838 /* Debug */,
				BD974A532167F01800612838 /* Release */,
			);
			defaultConfigurationIsVisible = 0;
			defaultConfigurationName = Release;
		};
/* End XCConfigurationList section */

/* Begin XCVersionGroup section */
		BD9749F22163E4E200612838 /* FinalChallengeDatabase.xcdatamodeld */ = {
			isa = XCVersionGroup;
			children = (
				BD9749F32163E4E200612838 /* FinalChallengeDatabase.xcdatamodel */,
			);
			currentVersion = BD9749F32163E4E200612838 /* FinalChallengeDatabase.xcdatamodel */;
			path = FinalChallengeDatabase.xcdatamodeld;
			sourceTree = "<group>";
			versionGroupType = wrapper.xcdatamodel;
		};
/* End XCVersionGroup section */
	};
	rootObject = 49AE2B0D2163DD4F00055136 /* Project object */;
}
